// !$*UTF8*$!
{
	archiveVersion = 1;
	classes = {
	};
	objectVersion = 46;
	objects = {

/* Begin PBXBuildFile section */
		35A66BD81B7E7FD100D5542D /* RCTConvert+FBSDKSharingContent.m in Sources */ = {isa = PBXBuildFile; fileRef = 35A66BC01B7E7FD100D5542D /* RCTConvert+FBSDKSharingContent.m */; };
		35A66BD91B7E7FD100D5542D /* RCTFBSDKAppGroupAddDialog.m in Sources */ = {isa = PBXBuildFile; fileRef = 35A66BC21B7E7FD100D5542D /* RCTFBSDKAppGroupAddDialog.m */; };
		35A66BDA1B7E7FD100D5542D /* RCTFBSDKAppGroupJoinDialog.m in Sources */ = {isa = PBXBuildFile; fileRef = 35A66BC41B7E7FD100D5542D /* RCTFBSDKAppGroupJoinDialog.m */; };
		35A66BDB1B7E7FD100D5542D /* RCTFBSDKAppInviteDialog.m in Sources */ = {isa = PBXBuildFile; fileRef = 35A66BC61B7E7FD100D5542D /* RCTFBSDKAppInviteDialog.m */; };
		35A66BDC1B7E7FD100D5542D /* RCTFBSDKGameRequestDialog.m in Sources */ = {isa = PBXBuildFile; fileRef = 35A66BC81B7E7FD100D5542D /* RCTFBSDKGameRequestDialog.m */; };
		35A66BDD1B7E7FD100D5542D /* RCTFBSDKLikeControlManager.m in Sources */ = {isa = PBXBuildFile; fileRef = 35A66BCA1B7E7FD100D5542D /* RCTFBSDKLikeControlManager.m */; };
		35A66BDE1B7E7FD100D5542D /* RCTFBSDKMessageDialog.m in Sources */ = {isa = PBXBuildFile; fileRef = 35A66BCC1B7E7FD100D5542D /* RCTFBSDKMessageDialog.m */; };
		35A66BDF1B7E7FD100D5542D /* RCTFBSDKSendButtonManager.m in Sources */ = {isa = PBXBuildFile; fileRef = 35A66BCE1B7E7FD100D5542D /* RCTFBSDKSendButtonManager.m */; };
		35A66BE01B7E7FD100D5542D /* RCTFBSDKShareAPI.m in Sources */ = {isa = PBXBuildFile; fileRef = 35A66BD01B7E7FD100D5542D /* RCTFBSDKShareAPI.m */; };
		35A66BE11B7E7FD100D5542D /* RCTFBSDKShareButtonManager.m in Sources */ = {isa = PBXBuildFile; fileRef = 35A66BD21B7E7FD100D5542D /* RCTFBSDKShareButtonManager.m */; };
		35A66BE21B7E7FD100D5542D /* RCTFBSDKShareDialog.m in Sources */ = {isa = PBXBuildFile; fileRef = 35A66BD41B7E7FD100D5542D /* RCTFBSDKShareDialog.m */; };
		35A66BE31B7E7FD100D5542D /* RCTFBSDKShareHelper.m in Sources */ = {isa = PBXBuildFile; fileRef = 35A66BD61B7E7FD100D5542D /* RCTFBSDKShareHelper.m */; };
		35A66BE41B7E7FD100D5542D /* RCTFBSDKShareInitializer.m in Sources */ = {isa = PBXBuildFile; fileRef = 35A66BD71B7E7FD100D5542D /* RCTFBSDKShareInitializer.m */; };
		35A66CB91B7EB20800D5542D /* FBSDKShareKit.framework in Frameworks */ = {isa = PBXBuildFile; fileRef = 35A66CB81B7EB20800D5542D /* FBSDKShareKit.framework */; };
/* End PBXBuildFile section */

/* Begin PBXCopyFilesBuildPhase section */
		58B511D91A9E6C8500147676 /* CopyFiles */ = {
			isa = PBXCopyFilesBuildPhase;
			buildActionMask = 2147483647;
			dstPath = "include/$(PRODUCT_NAME)";
			dstSubfolderSpec = 16;
			files = (
			);
			runOnlyForDeploymentPostprocessing = 0;
		};
/* End PBXCopyFilesBuildPhase section */

/* Begin PBXFileReference section */
		134814201AA4EA6300B7C361 /* libRCTFBSDKShare.a */ = {isa = PBXFileReference; explicitFileType = archive.ar; includeInIndex = 0; path = libRCTFBSDKShare.a; sourceTree = BUILT_PRODUCTS_DIR; };
		35A66BBF1B7E7FD100D5542D /* RCTConvert+FBSDKSharingContent.h */ = {isa = PBXFileReference; fileEncoding = 4; lastKnownFileType = sourcecode.c.h; name = "RCTConvert+FBSDKSharingContent.h"; path = "iOS/RCTConvert+FBSDKSharingContent.h"; sourceTree = "<group>"; };
		35A66BC01B7E7FD100D5542D /* RCTConvert+FBSDKSharingContent.m */ = {isa = PBXFileReference; fileEncoding = 4; lastKnownFileType = sourcecode.c.objc; name = "RCTConvert+FBSDKSharingContent.m"; path = "iOS/RCTConvert+FBSDKSharingContent.m"; sourceTree = "<group>"; };
		35A66BC11B7E7FD100D5542D /* RCTFBSDKAppGroupAddDialog.h */ = {isa = PBXFileReference; fileEncoding = 4; lastKnownFileType = sourcecode.c.h; name = RCTFBSDKAppGroupAddDialog.h; path = iOS/RCTFBSDKAppGroupAddDialog.h; sourceTree = "<group>"; };
		35A66BC21B7E7FD100D5542D /* RCTFBSDKAppGroupAddDialog.m */ = {isa = PBXFileReference; fileEncoding = 4; lastKnownFileType = sourcecode.c.objc; name = RCTFBSDKAppGroupAddDialog.m; path = iOS/RCTFBSDKAppGroupAddDialog.m; sourceTree = "<group>"; };
		35A66BC31B7E7FD100D5542D /* RCTFBSDKAppGroupJoinDialog.h */ = {isa = PBXFileReference; fileEncoding = 4; lastKnownFileType = sourcecode.c.h; name = RCTFBSDKAppGroupJoinDialog.h; path = iOS/RCTFBSDKAppGroupJoinDialog.h; sourceTree = "<group>"; };
		35A66BC41B7E7FD100D5542D /* RCTFBSDKAppGroupJoinDialog.m */ = {isa = PBXFileReference; fileEncoding = 4; lastKnownFileType = sourcecode.c.objc; name = RCTFBSDKAppGroupJoinDialog.m; path = iOS/RCTFBSDKAppGroupJoinDialog.m; sourceTree = "<group>"; };
		35A66BC51B7E7FD100D5542D /* RCTFBSDKAppInviteDialog.h */ = {isa = PBXFileReference; fileEncoding = 4; lastKnownFileType = sourcecode.c.h; name = RCTFBSDKAppInviteDialog.h; path = iOS/RCTFBSDKAppInviteDialog.h; sourceTree = "<group>"; };
		35A66BC61B7E7FD100D5542D /* RCTFBSDKAppInviteDialog.m */ = {isa = PBXFileReference; fileEncoding = 4; lastKnownFileType = sourcecode.c.objc; name = RCTFBSDKAppInviteDialog.m; path = iOS/RCTFBSDKAppInviteDialog.m; sourceTree = "<group>"; };
		35A66BC71B7E7FD100D5542D /* RCTFBSDKGameRequestDialog.h */ = {isa = PBXFileReference; fileEncoding = 4; lastKnownFileType = sourcecode.c.h; name = RCTFBSDKGameRequestDialog.h; path = iOS/RCTFBSDKGameRequestDialog.h; sourceTree = "<group>"; };
		35A66BC81B7E7FD100D5542D /* RCTFBSDKGameRequestDialog.m */ = {isa = PBXFileReference; fileEncoding = 4; lastKnownFileType = sourcecode.c.objc; name = RCTFBSDKGameRequestDialog.m; path = iOS/RCTFBSDKGameRequestDialog.m; sourceTree = "<group>"; };
		35A66BC91B7E7FD100D5542D /* RCTFBSDKLikeControlManager.h */ = {isa = PBXFileReference; fileEncoding = 4; lastKnownFileType = sourcecode.c.h; name = RCTFBSDKLikeControlManager.h; path = iOS/RCTFBSDKLikeControlManager.h; sourceTree = "<group>"; };
		35A66BCA1B7E7FD100D5542D /* RCTFBSDKLikeControlManager.m */ = {isa = PBXFileReference; fileEncoding = 4; lastKnownFileType = sourcecode.c.objc; name = RCTFBSDKLikeControlManager.m; path = iOS/RCTFBSDKLikeControlManager.m; sourceTree = "<group>"; };
		35A66BCB1B7E7FD100D5542D /* RCTFBSDKMessageDialog.h */ = {isa = PBXFileReference; fileEncoding = 4; lastKnownFileType = sourcecode.c.h; name = RCTFBSDKMessageDialog.h; path = iOS/RCTFBSDKMessageDialog.h; sourceTree = "<group>"; };
		35A66BCC1B7E7FD100D5542D /* RCTFBSDKMessageDialog.m */ = {isa = PBXFileReference; fileEncoding = 4; lastKnownFileType = sourcecode.c.objc; name = RCTFBSDKMessageDialog.m; path = iOS/RCTFBSDKMessageDialog.m; sourceTree = "<group>"; };
		35A66BCD1B7E7FD100D5542D /* RCTFBSDKSendButtonManager.h */ = {isa = PBXFileReference; fileEncoding = 4; lastKnownFileType = sourcecode.c.h; name = RCTFBSDKSendButtonManager.h; path = iOS/RCTFBSDKSendButtonManager.h; sourceTree = "<group>"; };
		35A66BCE1B7E7FD100D5542D /* RCTFBSDKSendButtonManager.m */ = {isa = PBXFileReference; fileEncoding = 4; lastKnownFileType = sourcecode.c.objc; name = RCTFBSDKSendButtonManager.m; path = iOS/RCTFBSDKSendButtonManager.m; sourceTree = "<group>"; };
		35A66BCF1B7E7FD100D5542D /* RCTFBSDKShareAPI.h */ = {isa = PBXFileReference; fileEncoding = 4; lastKnownFileType = sourcecode.c.h; name = RCTFBSDKShareAPI.h; path = iOS/RCTFBSDKShareAPI.h; sourceTree = "<group>"; };
		35A66BD01B7E7FD100D5542D /* RCTFBSDKShareAPI.m */ = {isa = PBXFileReference; fileEncoding = 4; lastKnownFileType = sourcecode.c.objc; name = RCTFBSDKShareAPI.m; path = iOS/RCTFBSDKShareAPI.m; sourceTree = "<group>"; };
		35A66BD11B7E7FD100D5542D /* RCTFBSDKShareButtonManager.h */ = {isa = PBXFileReference; fileEncoding = 4; lastKnownFileType = sourcecode.c.h; name = RCTFBSDKShareButtonManager.h; path = iOS/RCTFBSDKShareButtonManager.h; sourceTree = "<group>"; };
		35A66BD21B7E7FD100D5542D /* RCTFBSDKShareButtonManager.m */ = {isa = PBXFileReference; fileEncoding = 4; lastKnownFileType = sourcecode.c.objc; name = RCTFBSDKShareButtonManager.m; path = iOS/RCTFBSDKShareButtonManager.m; sourceTree = "<group>"; };
		35A66BD31B7E7FD100D5542D /* RCTFBSDKShareDialog.h */ = {isa = PBXFileReference; fileEncoding = 4; lastKnownFileType = sourcecode.c.h; name = RCTFBSDKShareDialog.h; path = iOS/RCTFBSDKShareDialog.h; sourceTree = "<group>"; };
		35A66BD41B7E7FD100D5542D /* RCTFBSDKShareDialog.m */ = {isa = PBXFileReference; fileEncoding = 4; lastKnownFileType = sourcecode.c.objc; name = RCTFBSDKShareDialog.m; path = iOS/RCTFBSDKShareDialog.m; sourceTree = "<group>"; };
		35A66BD51B7E7FD100D5542D /* RCTFBSDKShareHelper.h */ = {isa = PBXFileReference; fileEncoding = 4; lastKnownFileType = sourcecode.c.h; name = RCTFBSDKShareHelper.h; path = iOS/RCTFBSDKShareHelper.h; sourceTree = "<group>"; };
		35A66BD61B7E7FD100D5542D /* RCTFBSDKShareHelper.m */ = {isa = PBXFileReference; fileEncoding = 4; lastKnownFileType = sourcecode.c.objc; name = RCTFBSDKShareHelper.m; path = iOS/RCTFBSDKShareHelper.m; sourceTree = "<group>"; };
		35A66BD71B7E7FD100D5542D /* RCTFBSDKShareInitializer.m */ = {isa = PBXFileReference; fileEncoding = 4; lastKnownFileType = sourcecode.c.objc; name = RCTFBSDKShareInitializer.m; path = iOS/RCTFBSDKShareInitializer.m; sourceTree = "<group>"; };
		35A66CB81B7EB20800D5542D /* FBSDKShareKit.framework */ = {isa = PBXFileReference; lastKnownFileType = wrapper.framework; name = FBSDKShareKit.framework; path = "~/Documents/FacebookSDK/FBSDKShareKit.framework"; sourceTree = "<group>"; };
/* End PBXFileReference section */

/* Begin PBXFrameworksBuildPhase section */
		58B511D81A9E6C8500147676 /* Frameworks */ = {
			isa = PBXFrameworksBuildPhase;
			buildActionMask = 2147483647;
			files = (
				35A66CB91B7EB20800D5542D /* FBSDKShareKit.framework in Frameworks */,
			);
			runOnlyForDeploymentPostprocessing = 0;
		};
/* End PBXFrameworksBuildPhase section */

/* Begin PBXGroup section */
		134814211AA4EA7D00B7C361 /* Products */ = {
			isa = PBXGroup;
			children = (
				134814201AA4EA6300B7C361 /* libRCTFBSDKShare.a */,
			);
			name = Products;
			sourceTree = "<group>";
		};
		35A66CB71B7EAFAF00D5542D /* Frameworks */ = {
			isa = PBXGroup;
			children = (
				35A66CB81B7EB20800D5542D /* FBSDKShareKit.framework */,
			);
			name = Frameworks;
			sourceTree = "<group>";
		};
		58B511D21A9E6C8500147676 = {
			isa = PBXGroup;
			children = (
				35A66BBF1B7E7FD100D5542D /* RCTConvert+FBSDKSharingContent.h */,
				35A66BC01B7E7FD100D5542D /* RCTConvert+FBSDKSharingContent.m */,
				35A66BC11B7E7FD100D5542D /* RCTFBSDKAppGroupAddDialog.h */,
				35A66BC21B7E7FD100D5542D /* RCTFBSDKAppGroupAddDialog.m */,
				35A66BC31B7E7FD100D5542D /* RCTFBSDKAppGroupJoinDialog.h */,
				35A66BC41B7E7FD100D5542D /* RCTFBSDKAppGroupJoinDialog.m */,
				35A66BC51B7E7FD100D5542D /* RCTFBSDKAppInviteDialog.h */,
				35A66BC61B7E7FD100D5542D /* RCTFBSDKAppInviteDialog.m */,
				35A66BC71B7E7FD100D5542D /* RCTFBSDKGameRequestDialog.h */,
				35A66BC81B7E7FD100D5542D /* RCTFBSDKGameRequestDialog.m */,
				35A66BC91B7E7FD100D5542D /* RCTFBSDKLikeControlManager.h */,
				35A66BCA1B7E7FD100D5542D /* RCTFBSDKLikeControlManager.m */,
				35A66BCB1B7E7FD100D5542D /* RCTFBSDKMessageDialog.h */,
				35A66BCC1B7E7FD100D5542D /* RCTFBSDKMessageDialog.m */,
				35A66BCD1B7E7FD100D5542D /* RCTFBSDKSendButtonManager.h */,
				35A66BCE1B7E7FD100D5542D /* RCTFBSDKSendButtonManager.m */,
				35A66BCF1B7E7FD100D5542D /* RCTFBSDKShareAPI.h */,
				35A66BD01B7E7FD100D5542D /* RCTFBSDKShareAPI.m */,
				35A66BD11B7E7FD100D5542D /* RCTFBSDKShareButtonManager.h */,
				35A66BD21B7E7FD100D5542D /* RCTFBSDKShareButtonManager.m */,
				35A66BD31B7E7FD100D5542D /* RCTFBSDKShareDialog.h */,
				35A66BD41B7E7FD100D5542D /* RCTFBSDKShareDialog.m */,
				35A66BD51B7E7FD100D5542D /* RCTFBSDKShareHelper.h */,
				35A66BD61B7E7FD100D5542D /* RCTFBSDKShareHelper.m */,
				35A66BD71B7E7FD100D5542D /* RCTFBSDKShareInitializer.m */,
				35A66CB71B7EAFAF00D5542D /* Frameworks */,
				134814211AA4EA7D00B7C361 /* Products */,
			);
			sourceTree = "<group>";
		};
/* End PBXGroup section */

/* Begin PBXNativeTarget section */
		58B511DA1A9E6C8500147676 /* RCTFBSDKShare */ = {
			isa = PBXNativeTarget;
			buildConfigurationList = 58B511EF1A9E6C8500147676 /* Build configuration list for PBXNativeTarget "RCTFBSDKShare" */;
			buildPhases = (
				58B511D71A9E6C8500147676 /* Sources */,
				58B511D81A9E6C8500147676 /* Frameworks */,
				58B511D91A9E6C8500147676 /* CopyFiles */,
			);
			buildRules = (
			);
			dependencies = (
			);
			name = RCTFBSDKShare;
			productName = RCTDataManager;
			productReference = 134814201AA4EA6300B7C361 /* libRCTFBSDKShare.a */;
			productType = "com.apple.product-type.library.static";
		};
/* End PBXNativeTarget section */

/* Begin PBXProject section */
		58B511D31A9E6C8500147676 /* Project object */ = {
			isa = PBXProject;
			attributes = {
				LastUpgradeCheck = 0610;
				ORGANIZATIONNAME = Facebook;
				TargetAttributes = {
					58B511DA1A9E6C8500147676 = {
						CreatedOnToolsVersion = 6.1.1;
					};
				};
			};
			buildConfigurationList = 58B511D61A9E6C8500147676 /* Build configuration list for PBXProject "RCTFBSDKShare" */;
			compatibilityVersion = "Xcode 3.2";
			developmentRegion = English;
			hasScannedForEncodings = 0;
			knownRegions = (
				en,
			);
			mainGroup = 58B511D21A9E6C8500147676;
			productRefGroup = 58B511D21A9E6C8500147676;
			projectDirPath = "";
			projectRoot = "";
			targets = (
				58B511DA1A9E6C8500147676 /* RCTFBSDKShare */,
			);
		};
/* End PBXProject section */

/* Begin PBXSourcesBuildPhase section */
		58B511D71A9E6C8500147676 /* Sources */ = {
			isa = PBXSourcesBuildPhase;
			buildActionMask = 2147483647;
			files = (
				35A66BE21B7E7FD100D5542D /* RCTFBSDKShareDialog.m in Sources */,
				35A66BE11B7E7FD100D5542D /* RCTFBSDKShareButtonManager.m in Sources */,
				35A66BD91B7E7FD100D5542D /* RCTFBSDKAppGroupAddDialog.m in Sources */,
				35A66BE41B7E7FD100D5542D /* RCTFBSDKShareInitializer.m in Sources */,
				35A66BDA1B7E7FD100D5542D /* RCTFBSDKAppGroupJoinDialog.m in Sources */,
				35A66BDF1B7E7FD100D5542D /* RCTFBSDKSendButtonManager.m in Sources */,
				35A66BD81B7E7FD100D5542D /* RCTConvert+FBSDKSharingContent.m in Sources */,
				35A66BE31B7E7FD100D5542D /* RCTFBSDKShareHelper.m in Sources */,
				35A66BDB1B7E7FD100D5542D /* RCTFBSDKAppInviteDialog.m in Sources */,
				35A66BDE1B7E7FD100D5542D /* RCTFBSDKMessageDialog.m in Sources */,
				35A66BDC1B7E7FD100D5542D /* RCTFBSDKGameRequestDialog.m in Sources */,
				35A66BDD1B7E7FD100D5542D /* RCTFBSDKLikeControlManager.m in Sources */,
				35A66BE01B7E7FD100D5542D /* RCTFBSDKShareAPI.m in Sources */,
			);
			runOnlyForDeploymentPostprocessing = 0;
		};
/* End PBXSourcesBuildPhase section */

/* Begin XCBuildConfiguration section */
		58B511ED1A9E6C8500147676 /* Debug */ = {
			isa = XCBuildConfiguration;
			buildSettings = {
				ALWAYS_SEARCH_USER_PATHS = NO;
				CLANG_CXX_LANGUAGE_STANDARD = "gnu++0x";
				CLANG_CXX_LIBRARY = "libc++";
				CLANG_ENABLE_MODULES = YES;
				CLANG_ENABLE_OBJC_ARC = YES;
				CLANG_WARN_BOOL_CONVERSION = YES;
				CLANG_WARN_CONSTANT_CONVERSION = YES;
				CLANG_WARN_DIRECT_OBJC_ISA_USAGE = YES_ERROR;
				CLANG_WARN_EMPTY_BODY = YES;
				CLANG_WARN_ENUM_CONVERSION = YES;
				CLANG_WARN_INT_CONVERSION = YES;
				CLANG_WARN_OBJC_ROOT_CLASS = YES_ERROR;
				CLANG_WARN_UNREACHABLE_CODE = YES;
				CLANG_WARN__DUPLICATE_METHOD_MATCH = YES;
				COPY_PHASE_STRIP = NO;
				ENABLE_STRICT_OBJC_MSGSEND = YES;
				GCC_C_LANGUAGE_STANDARD = gnu99;
				GCC_DYNAMIC_NO_PIC = NO;
				GCC_OPTIMIZATION_LEVEL = 0;
				GCC_PREPROCESSOR_DEFINITIONS = (
					"DEBUG=1",
					"$(inherited)",
				);
				GCC_SYMBOLS_PRIVATE_EXTERN = NO;
				GCC_WARN_64_TO_32_BIT_CONVERSION = YES;
				GCC_WARN_ABOUT_RETURN_TYPE = YES_ERROR;
				GCC_WARN_UNDECLARED_SELECTOR = YES;
				GCC_WARN_UNINITIALIZED_AUTOS = YES_AGGRESSIVE;
				GCC_WARN_UNUSED_FUNCTION = YES;
				GCC_WARN_UNUSED_VARIABLE = YES;
				IPHONEOS_DEPLOYMENT_TARGET = 7.0;
				MTL_ENABLE_DEBUG_INFO = YES;
				ONLY_ACTIVE_ARCH = YES;
				SDKROOT = iphoneos;
			};
			name = Debug;
		};
		58B511EE1A9E6C8500147676 /* Release */ = {
			isa = XCBuildConfiguration;
			buildSettings = {
				ALWAYS_SEARCH_USER_PATHS = NO;
				CLANG_CXX_LANGUAGE_STANDARD = "gnu++0x";
				CLANG_CXX_LIBRARY = "libc++";
				CLANG_ENABLE_MODULES = YES;
				CLANG_ENABLE_OBJC_ARC = YES;
				CLANG_WARN_BOOL_CONVERSION = YES;
				CLANG_WARN_CONSTANT_CONVERSION = YES;
				CLANG_WARN_DIRECT_OBJC_ISA_USAGE = YES_ERROR;
				CLANG_WARN_EMPTY_BODY = YES;
				CLANG_WARN_ENUM_CONVERSION = YES;
				CLANG_WARN_INT_CONVERSION = YES;
				CLANG_WARN_OBJC_ROOT_CLASS = YES_ERROR;
				CLANG_WARN_UNREACHABLE_CODE = YES;
				CLANG_WARN__DUPLICATE_METHOD_MATCH = YES;
				COPY_PHASE_STRIP = YES;
				ENABLE_NS_ASSERTIONS = NO;
				ENABLE_STRICT_OBJC_MSGSEND = YES;
				GCC_C_LANGUAGE_STANDARD = gnu99;
				GCC_WARN_64_TO_32_BIT_CONVERSION = YES;
				GCC_WARN_ABOUT_RETURN_TYPE = YES_ERROR;
				GCC_WARN_UNDECLARED_SELECTOR = YES;
				GCC_WARN_UNINITIALIZED_AUTOS = YES_AGGRESSIVE;
				GCC_WARN_UNUSED_FUNCTION = YES;
				GCC_WARN_UNUSED_VARIABLE = YES;
				IPHONEOS_DEPLOYMENT_TARGET = 7.0;
				MTL_ENABLE_DEBUG_INFO = NO;
				SDKROOT = iphoneos;
				VALIDATE_PRODUCT = YES;
			};
			name = Release;
		};
		58B511F01A9E6C8500147676 /* Debug */ = {
			isa = XCBuildConfiguration;
			buildSettings = {
				FRAMEWORK_SEARCH_PATHS = (
					"$(inherited)",
					"~/Documents/FacebookSDK",
				);
				HEADER_SEARCH_PATHS = (
					"$(inherited)",
					/Applications/Xcode.app/Contents/Developer/Toolchains/XcodeDefault.xctoolchain/usr/include,
					"$(SRCROOT)/../../React/**",
					"$(SRCROOT)/../../node_modules/react-native/React/**",
				);
				LIBRARY_SEARCH_PATHS = "$(inherited)";
				OTHER_LDFLAGS = "-ObjC";
				PRODUCT_NAME = RCTFBSDKShare;
				SKIP_INSTALL = YES;
			};
			name = Debug;
		};
		58B511F11A9E6C8500147676 /* Release */ = {
			isa = XCBuildConfiguration;
			buildSettings = {
				FRAMEWORK_SEARCH_PATHS = (
					"$(inherited)",
					"~/Documents/FacebookSDK",
				);
				HEADER_SEARCH_PATHS = (
					"$(inherited)",
					/Applications/Xcode.app/Contents/Developer/Toolchains/XcodeDefault.xctoolchain/usr/include,
					"$(SRCROOT)/../../React/**",
					"$(SRCROOT)/../../node_modules/react-native/React/**",
				);
				LIBRARY_SEARCH_PATHS = "$(inherited)";
				OTHER_LDFLAGS = "-ObjC";
				PRODUCT_NAME = RCTFBSDKShare;
				SKIP_INSTALL = YES;
			};
			name = Release;
		};
/* End XCBuildConfiguration section */

/* Begin XCConfigurationList section */
		58B511D61A9E6C8500147676 /* Build configuration list for PBXProject "RCTFBSDKShare" */ = {
			isa = XCConfigurationList;
			buildConfigurations = (
				58B511ED1A9E6C8500147676 /* Debug */,
				58B511EE1A9E6C8500147676 /* Release */,
			);
			defaultConfigurationIsVisible = 0;
			defaultConfigurationName = Release;
		};
		58B511EF1A9E6C8500147676 /* Build configuration list for PBXNativeTarget "RCTFBSDKShare" */ = {
			isa = XCConfigurationList;
			buildConfigurations = (
				58B511F01A9E6C8500147676 /* Debug */,
				58B511F11A9E6C8500147676 /* Release */,
			);
			defaultConfigurationIsVisible = 0;
			defaultConfigurationName = Release;
		};
/* End XCConfigurationList section */
	};
	rootObject = 58B511D31A9E6C8500147676 /* Project object */;
}
