<?xml version="1.0" encoding="UTF-8"?>
<!DOCTYPE plist PUBLIC "-//Apple//DTD PLIST 1.0//EN" "http://www.apple.com/DTDs/PropertyList-1.0.dtd">
<plist version="1.0">
<dict>
	<key>archiveVersion</key>
	<string>1</string>
	<key>classes</key>
	<dict>
	</dict>
	<key>objectVersion</key>
	<string>46</string>
	<key>objects</key>
	<dict>
		<key>1DD70E29C049749700000000</key>
		<dict>
			<key>isa</key>
			<string>PBXFileReference</string>
			<key>name</key>
			<string>RNSDK-Debug.xcconfig</string>
			<key>path</key>
			<string>../../../../../buck-out/gen/Libraries/FBReactKit/js/react-native-fbsdk/ios/RNSDK-Debug.xcconfig</string>
			<key>sourceTree</key>
			<string>SOURCE_ROOT</string>
			<key>explicitFileType</key>
			<string>text.xcconfig</string>
		</dict>
		<key>1DD70E29B8E1424100000000</key>
		<dict>
			<key>isa</key>
			<string>PBXFileReference</string>
			<key>name</key>
			<string>RNSDK-Profile.xcconfig</string>
			<key>path</key>
			<string>../../../../../buck-out/gen/Libraries/FBReactKit/js/react-native-fbsdk/ios/RNSDK-Profile.xcconfig</string>
			<key>sourceTree</key>
			<string>SOURCE_ROOT</string>
			<key>explicitFileType</key>
			<string>text.xcconfig</string>
		</dict>
		<key>1DD70E292C77EDA300000000</key>
		<dict>
			<key>isa</key>
			<string>PBXFileReference</string>
			<key>name</key>
			<string>RNSDK-Release.xcconfig</string>
			<key>path</key>
			<string>../../../../../buck-out/gen/Libraries/FBReactKit/js/react-native-fbsdk/ios/RNSDK-Release.xcconfig</string>
			<key>sourceTree</key>
			<string>SOURCE_ROOT</string>
			<key>explicitFileType</key>
			<string>text.xcconfig</string>
		</dict>
		<key>1DD70E29F349631C00000000</key>
		<dict>
			<key>isa</key>
			<string>PBXFileReference</string>
			<key>name</key>
			<string>RNSDKCoreKit-Debug.xcconfig</string>
			<key>path</key>
			<string>../../../../../buck-out/gen/Libraries/FBReactKit/js/react-native-fbsdk/ios/RNSDKCoreKit-Debug.xcconfig</string>
			<key>sourceTree</key>
			<string>SOURCE_ROOT</string>
			<key>explicitFileType</key>
			<string>text.xcconfig</string>
		</dict>
		<key>1DD70E292B9FA38600000000</key>
		<dict>
			<key>isa</key>
			<string>PBXFileReference</string>
			<key>name</key>
			<string>RNSDKCoreKit-Profile.xcconfig</string>
			<key>path</key>
			<string>../../../../../buck-out/gen/Libraries/FBReactKit/js/react-native-fbsdk/ios/RNSDKCoreKit-Profile.xcconfig</string>
			<key>sourceTree</key>
			<string>SOURCE_ROOT</string>
			<key>explicitFileType</key>
			<string>text.xcconfig</string>
		</dict>
		<key>1DD70E299F364EE800000000</key>
		<dict>
			<key>isa</key>
			<string>PBXFileReference</string>
			<key>name</key>
			<string>RNSDKCoreKit-Release.xcconfig</string>
			<key>path</key>
			<string>../../../../../buck-out/gen/Libraries/FBReactKit/js/react-native-fbsdk/ios/RNSDKCoreKit-Release.xcconfig</string>
			<key>sourceTree</key>
			<string>SOURCE_ROOT</string>
			<key>explicitFileType</key>
			<string>text.xcconfig</string>
		</dict>
		<key>1DD70E297A21682A00000000</key>
		<dict>
			<key>isa</key>
			<string>PBXFileReference</string>
			<key>name</key>
			<string>RNSDKLoginKit-Debug.xcconfig</string>
			<key>path</key>
			<string>../../../../../buck-out/gen/Libraries/FBReactKit/js/react-native-fbsdk/ios/RNSDKLoginKit-Debug.xcconfig</string>
			<key>sourceTree</key>
			<string>SOURCE_ROOT</string>
			<key>explicitFileType</key>
			<string>text.xcconfig</string>
		</dict>
		<key>1DD70E295C8A9D1400000000</key>
		<dict>
			<key>isa</key>
			<string>PBXFileReference</string>
			<key>name</key>
			<string>RNSDKLoginKit-Profile.xcconfig</string>
			<key>path</key>
			<string>../../../../../buck-out/gen/Libraries/FBReactKit/js/react-native-fbsdk/ios/RNSDKLoginKit-Profile.xcconfig</string>
			<key>sourceTree</key>
			<string>SOURCE_ROOT</string>
			<key>explicitFileType</key>
			<string>text.xcconfig</string>
		</dict>
		<key>1DD70E29D021487600000000</key>
		<dict>
			<key>isa</key>
			<string>PBXFileReference</string>
			<key>name</key>
			<string>RNSDKLoginKit-Release.xcconfig</string>
			<key>path</key>
			<string>../../../../../buck-out/gen/Libraries/FBReactKit/js/react-native-fbsdk/ios/RNSDKLoginKit-Release.xcconfig</string>
			<key>sourceTree</key>
			<string>SOURCE_ROOT</string>
			<key>explicitFileType</key>
			<string>text.xcconfig</string>
		</dict>
		<key>1DD70E2971F1D72000000000</key>
		<dict>
			<key>isa</key>
			<string>PBXFileReference</string>
			<key>name</key>
			<string>RNSDKShareKit-Debug.xcconfig</string>
			<key>path</key>
			<string>../../../../../buck-out/gen/Libraries/FBReactKit/js/react-native-fbsdk/ios/RNSDKShareKit-Debug.xcconfig</string>
			<key>sourceTree</key>
			<string>SOURCE_ROOT</string>
			<key>explicitFileType</key>
			<string>text.xcconfig</string>
		</dict>
		<key>1DD70E29A1FB268A00000000</key>
		<dict>
			<key>isa</key>
			<string>PBXFileReference</string>
			<key>name</key>
			<string>RNSDKShareKit-Profile.xcconfig</string>
			<key>path</key>
			<string>../../../../../buck-out/gen/Libraries/FBReactKit/js/react-native-fbsdk/ios/RNSDKShareKit-Profile.xcconfig</string>
			<key>sourceTree</key>
			<string>SOURCE_ROOT</string>
			<key>explicitFileType</key>
			<string>text.xcconfig</string>
		</dict>
		<key>1DD70E291591D1EC00000000</key>
		<dict>
			<key>isa</key>
			<string>PBXFileReference</string>
			<key>name</key>
			<string>RNSDKShareKit-Release.xcconfig</string>
			<key>path</key>
			<string>../../../../../buck-out/gen/Libraries/FBReactKit/js/react-native-fbsdk/ios/RNSDKShareKit-Release.xcconfig</string>
			<key>sourceTree</key>
			<string>SOURCE_ROOT</string>
			<key>explicitFileType</key>
			<string>text.xcconfig</string>
		</dict>
		<key>B401C9792F7F325000000000</key>
		<dict>
			<key>isa</key>
			<string>PBXGroup</string>
			<key>name</key>
			<string>Buck (Do Not Modify)</string>
			<key>sourceTree</key>
			<string><![CDATA[<group>]]></string>
			<key>children</key>
			<array>
				<string>1DD70E29C049749700000000</string>
				<string>1DD70E29B8E1424100000000</string>
				<string>1DD70E292C77EDA300000000</string>
				<string>1DD70E29F349631C00000000</string>
				<string>1DD70E292B9FA38600000000</string>
				<string>1DD70E299F364EE800000000</string>
				<string>1DD70E297A21682A00000000</string>
				<string>1DD70E295C8A9D1400000000</string>
				<string>1DD70E29D021487600000000</string>
				<string>1DD70E2971F1D72000000000</string>
				<string>1DD70E29A1FB268A00000000</string>
				<string>1DD70E291591D1EC00000000</string>
			</array>
		</dict>
		<key>B401C979B781F65D00000000</key>
		<dict>
			<key>isa</key>
			<string>PBXGroup</string>
			<key>name</key>
			<string>Configurations</string>
			<key>sourceTree</key>
			<string><![CDATA[<group>]]></string>
			<key>children</key>
			<array>
				<string>B401C9792F7F325000000000</string>
			</array>
		</dict>
		<key>1DD70E291ECB10AC00000000</key>
		<dict>
			<key>isa</key>
			<string>PBXFileReference</string>
			<key>name</key>
			<string>libRNSDK.a</string>
			<key>path</key>
			<string>libRNSDK.a</string>
			<key>sourceTree</key>
			<string>BUILT_PRODUCTS_DIR</string>
			<key>explicitFileType</key>
			<string>archive.ar</string>
		</dict>
		<key>1DD70E29AC0CD5F100000000</key>
		<dict>
			<key>isa</key>
			<string>PBXFileReference</string>
			<key>name</key>
			<string>libRNSDKCoreKit.a</string>
			<key>path</key>
			<string>libRNSDKCoreKit.a</string>
			<key>sourceTree</key>
			<string>BUILT_PRODUCTS_DIR</string>
			<key>explicitFileType</key>
			<string>archive.ar</string>
		</dict>
		<key>1DD70E29031DBF3900000000</key>
		<dict>
			<key>isa</key>
			<string>PBXFileReference</string>
			<key>name</key>
			<string>libRNSDKLoginKit.a</string>
			<key>path</key>
			<string>libRNSDKLoginKit.a</string>
			<key>sourceTree</key>
			<string>BUILT_PRODUCTS_DIR</string>
			<key>explicitFileType</key>
			<string>archive.ar</string>
		</dict>
		<key>1DD70E2900B6388300000000</key>
		<dict>
			<key>isa</key>
			<string>PBXFileReference</string>
			<key>name</key>
			<string>libRNSDKShareKit.a</string>
			<key>path</key>
			<string>libRNSDKShareKit.a</string>
			<key>sourceTree</key>
			<string>BUILT_PRODUCTS_DIR</string>
			<key>explicitFileType</key>
			<string>archive.ar</string>
		</dict>
		<key>B401C979C806358400000000</key>
		<dict>
			<key>isa</key>
			<string>PBXGroup</string>
			<key>name</key>
			<string>Products</string>
			<key>sourceTree</key>
			<string><![CDATA[<group>]]></string>
			<key>children</key>
			<array>
				<string>1DD70E291ECB10AC00000000</string>
				<string>1DD70E29AC0CD5F100000000</string>
				<string>1DD70E29031DBF3900000000</string>
				<string>1DD70E2900B6388300000000</string>
			</array>
		</dict>
		<key>1DD70E29001F47FB00000000</key>
		<dict>
			<key>isa</key>
			<string>PBXFileReference</string>
			<key>name</key>
			<string>BUCK</string>
			<key>path</key>
			<string>BUCK</string>
			<key>sourceTree</key>
			<string>SOURCE_ROOT</string>
			<key>explicitFileType</key>
			<string>text.script.python</string>
		</dict>
		<key>B401C979EAB5339800000000</key>
		<dict>
			<key>isa</key>
			<string>PBXGroup</string>
			<key>name</key>
			<string>Sources</string>
			<key>sourceTree</key>
			<string><![CDATA[<group>]]></string>
			<key>children</key>
			<array>
			</array>
		</dict>
		<key>B401C97904A83C5E00000000</key>
		<dict>
			<key>isa</key>
			<string>PBXGroup</string>
			<key>name</key>
			<string>RNSDK</string>
			<key>sourceTree</key>
			<string><![CDATA[<group>]]></string>
			<key>children</key>
			<array>
				<string>1DD70E29001F47FB00000000</string>
				<string>B401C979EAB5339800000000</string>
			</array>
		</dict>
		<key>1DD70E29001F47FB00000001</key>
		<dict>
			<key>isa</key>
			<string>PBXFileReference</string>
			<key>name</key>
			<string>BUCK</string>
			<key>path</key>
			<string>BUCK</string>
			<key>sourceTree</key>
			<string>SOURCE_ROOT</string>
			<key>explicitFileType</key>
			<string>text.script.python</string>
		</dict>
		<key>1DD70E29239FB7EC00000000</key>
		<dict>
			<key>isa</key>
			<string>PBXFileReference</string>
			<key>name</key>
			<string>RCTConvert+FBSDKAccessToken.h</string>
			<key>path</key>
			<string>RCTFBSDK/core/RCTConvert+FBSDKAccessToken.h</string>
			<key>sourceTree</key>
			<string>SOURCE_ROOT</string>
			<key>lastKnownFileType</key>
			<string>sourcecode.c.h</string>
		</dict>
		<key>1DD70E29239FB7F100000000</key>
		<dict>
			<key>isa</key>
			<string>PBXFileReference</string>
			<key>name</key>
			<string>RCTConvert+FBSDKAccessToken.m</string>
			<key>path</key>
			<string>RCTFBSDK/core/RCTConvert+FBSDKAccessToken.m</string>
			<key>sourceTree</key>
			<string>SOURCE_ROOT</string>
			<key>lastKnownFileType</key>
			<string>sourcecode.c.objc</string>
		</dict>
		<key>1DD70E29BECE3BF400000000</key>
		<dict>
			<key>isa</key>
			<string>PBXFileReference</string>
			<key>name</key>
			<string>RCTFBSDKAccessToken.h</string>
			<key>path</key>
			<string>RCTFBSDK/core/RCTFBSDKAccessToken.h</string>
			<key>sourceTree</key>
			<string>SOURCE_ROOT</string>
			<key>lastKnownFileType</key>
			<string>sourcecode.c.h</string>
		</dict>
		<key>1DD70E29BECE3BF900000000</key>
		<dict>
			<key>isa</key>
			<string>PBXFileReference</string>
			<key>name</key>
			<string>RCTFBSDKAccessToken.m</string>
			<key>path</key>
			<string>RCTFBSDK/core/RCTFBSDKAccessToken.m</string>
			<key>sourceTree</key>
			<string>SOURCE_ROOT</string>
			<key>lastKnownFileType</key>
			<string>sourcecode.c.objc</string>
		</dict>
		<key>1DD70E291A45CB9900000000</key>
		<dict>
			<key>isa</key>
			<string>PBXFileReference</string>
			<key>name</key>
			<string>RCTFBSDKAppEvents.h</string>
			<key>path</key>
			<string>RCTFBSDK/core/RCTFBSDKAppEvents.h</string>
			<key>sourceTree</key>
			<string>SOURCE_ROOT</string>
			<key>lastKnownFileType</key>
			<string>sourcecode.c.h</string>
		</dict>
		<key>1DD70E291A45CB9E00000000</key>
		<dict>
			<key>isa</key>
			<string>PBXFileReference</string>
			<key>name</key>
			<string>RCTFBSDKAppEvents.m</string>
			<key>path</key>
			<string>RCTFBSDK/core/RCTFBSDKAppEvents.m</string>
			<key>sourceTree</key>
			<string>SOURCE_ROOT</string>
			<key>lastKnownFileType</key>
			<string>sourcecode.c.objc</string>
		</dict>
		<key>1DD70E29C57E516100000000</key>
		<dict>
			<key>isa</key>
			<string>PBXFileReference</string>
			<key>name</key>
			<string>RCTFBSDKGraphRequestConnectionContainer.h</string>
			<key>path</key>
			<string>RCTFBSDK/core/RCTFBSDKGraphRequestConnectionContainer.h</string>
			<key>sourceTree</key>
			<string>SOURCE_ROOT</string>
			<key>lastKnownFileType</key>
			<string>sourcecode.c.h</string>
		</dict>
		<key>1DD70E29C57E516600000000</key>
		<dict>
			<key>isa</key>
			<string>PBXFileReference</string>
			<key>name</key>
			<string>RCTFBSDKGraphRequestConnectionContainer.m</string>
			<key>path</key>
			<string>RCTFBSDK/core/RCTFBSDKGraphRequestConnectionContainer.m</string>
			<key>sourceTree</key>
			<string>SOURCE_ROOT</string>
			<key>lastKnownFileType</key>
			<string>sourcecode.c.objc</string>
		</dict>
		<key>1DD70E2931E55D4B00000000</key>
		<dict>
			<key>isa</key>
			<string>PBXFileReference</string>
			<key>name</key>
			<string>RCTFBSDKGraphRequestManager.h</string>
			<key>path</key>
			<string>RCTFBSDK/core/RCTFBSDKGraphRequestManager.h</string>
			<key>sourceTree</key>
			<string>SOURCE_ROOT</string>
			<key>lastKnownFileType</key>
			<string>sourcecode.c.h</string>
		</dict>
		<key>1DD70E2931E55D5000000000</key>
		<dict>
			<key>isa</key>
			<string>PBXFileReference</string>
			<key>name</key>
			<string>RCTFBSDKGraphRequestManager.m</string>
			<key>path</key>
			<string>RCTFBSDK/core/RCTFBSDKGraphRequestManager.m</string>
			<key>sourceTree</key>
			<string>SOURCE_ROOT</string>
			<key>lastKnownFileType</key>
			<string>sourcecode.c.objc</string>
		</dict>
		<key>1DD70E2928DCC8A600000000</key>
		<dict>
			<key>isa</key>
			<string>PBXFileReference</string>
			<key>name</key>
			<string>RCTFBSDKInitializer.m</string>
			<key>path</key>
			<string>RCTFBSDK/core/RCTFBSDKInitializer.m</string>
			<key>sourceTree</key>
			<string>SOURCE_ROOT</string>
			<key>lastKnownFileType</key>
			<string>sourcecode.c.objc</string>
		</dict>
		<key>B401C979EAB5339800000001</key>
		<dict>
			<key>isa</key>
			<string>PBXGroup</string>
			<key>name</key>
			<string>Sources</string>
			<key>sourceTree</key>
			<string><![CDATA[<group>]]></string>
			<key>children</key>
			<array>
				<string>1DD70E29239FB7EC00000000</string>
				<string>1DD70E29239FB7F100000000</string>
				<string>1DD70E29BECE3BF400000000</string>
				<string>1DD70E29BECE3BF900000000</string>
				<string>1DD70E291A45CB9900000000</string>
				<string>1DD70E291A45CB9E00000000</string>
				<string>1DD70E29C57E516100000000</string>
				<string>1DD70E29C57E516600000000</string>
				<string>1DD70E2931E55D4B00000000</string>
				<string>1DD70E2931E55D5000000000</string>
				<string>1DD70E2928DCC8A600000000</string>
			</array>
		</dict>
		<key>B401C97975ABB47900000000</key>
		<dict>
			<key>isa</key>
			<string>PBXGroup</string>
			<key>name</key>
			<string>RNSDKCoreKit</string>
			<key>sourceTree</key>
			<string><![CDATA[<group>]]></string>
			<key>children</key>
			<array>
				<string>1DD70E29001F47FB00000001</string>
				<string>B401C979EAB5339800000001</string>
			</array>
		</dict>
		<key>1DD70E29001F47FB00000002</key>
		<dict>
			<key>isa</key>
			<string>PBXFileReference</string>
			<key>name</key>
			<string>BUCK</string>
			<key>path</key>
			<string>BUCK</string>
			<key>sourceTree</key>
			<string>SOURCE_ROOT</string>
			<key>explicitFileType</key>
			<string>text.script.python</string>
		</dict>
		<key>1DD70E29F12CB92000000000</key>
		<dict>
			<key>isa</key>
			<string>PBXFileReference</string>
			<key>name</key>
			<string>RCTConvert+FBSDKLogin.h</string>
			<key>path</key>
			<string>RCTFBSDK/login/RCTConvert+FBSDKLogin.h</string>
			<key>sourceTree</key>
			<string>SOURCE_ROOT</string>
			<key>lastKnownFileType</key>
			<string>sourcecode.c.h</string>
		</dict>
		<key>1DD70E29F12CB92500000000</key>
		<dict>
			<key>isa</key>
			<string>PBXFileReference</string>
			<key>name</key>
			<string>RCTConvert+FBSDKLogin.m</string>
			<key>path</key>
			<string>RCTFBSDK/login/RCTConvert+FBSDKLogin.m</string>
			<key>sourceTree</key>
			<string>SOURCE_ROOT</string>
			<key>lastKnownFileType</key>
			<string>sourcecode.c.objc</string>
		</dict>
		<key>1DD70E29373304C700000000</key>
		<dict>
			<key>isa</key>
			<string>PBXFileReference</string>
			<key>name</key>
			<string>RCTFBSDKLoginButtonManager.h</string>
			<key>path</key>
			<string>RCTFBSDK/login/RCTFBSDKLoginButtonManager.h</string>
			<key>sourceTree</key>
			<string>SOURCE_ROOT</string>
			<key>lastKnownFileType</key>
			<string>sourcecode.c.h</string>
		</dict>
		<key>1DD70E29373304CC00000000</key>
		<dict>
			<key>isa</key>
			<string>PBXFileReference</string>
			<key>name</key>
			<string>RCTFBSDKLoginButtonManager.m</string>
			<key>path</key>
			<string>RCTFBSDK/login/RCTFBSDKLoginButtonManager.m</string>
			<key>sourceTree</key>
			<string>SOURCE_ROOT</string>
			<key>lastKnownFileType</key>
			<string>sourcecode.c.objc</string>
		</dict>
		<key>1DD70E29A8F8915900000000</key>
		<dict>
			<key>isa</key>
			<string>PBXFileReference</string>
			<key>name</key>
			<string>RCTFBSDKLoginManager.h</string>
			<key>path</key>
			<string>RCTFBSDK/login/RCTFBSDKLoginManager.h</string>
			<key>sourceTree</key>
			<string>SOURCE_ROOT</string>
			<key>lastKnownFileType</key>
			<string>sourcecode.c.h</string>
		</dict>
		<key>1DD70E29A8F8915E00000000</key>
		<dict>
			<key>isa</key>
			<string>PBXFileReference</string>
			<key>name</key>
			<string>RCTFBSDKLoginManager.m</string>
			<key>path</key>
			<string>RCTFBSDK/login/RCTFBSDKLoginManager.m</string>
			<key>sourceTree</key>
			<string>SOURCE_ROOT</string>
			<key>lastKnownFileType</key>
			<string>sourcecode.c.objc</string>
		</dict>
		<key>B401C979EAB5339800000002</key>
		<dict>
			<key>isa</key>
			<string>PBXGroup</string>
			<key>name</key>
			<string>Sources</string>
			<key>sourceTree</key>
			<string><![CDATA[<group>]]></string>
			<key>children</key>
			<array>
				<string>1DD70E29F12CB92000000000</string>
				<string>1DD70E29F12CB92500000000</string>
				<string>1DD70E29373304C700000000</string>
				<string>1DD70E29373304CC00000000</string>
				<string>1DD70E29A8F8915900000000</string>
				<string>1DD70E29A8F8915E00000000</string>
			</array>
		</dict>
		<key>B401C979D437F52B00000000</key>
		<dict>
			<key>isa</key>
			<string>PBXGroup</string>
			<key>name</key>
			<string>RNSDKLoginKit</string>
			<key>sourceTree</key>
			<string><![CDATA[<group>]]></string>
			<key>children</key>
			<array>
				<string>1DD70E29001F47FB00000002</string>
				<string>B401C979EAB5339800000002</string>
			</array>
		</dict>
		<key>1DD70E29001F47FB00000003</key>
		<dict>
			<key>isa</key>
			<string>PBXFileReference</string>
			<key>name</key>
			<string>BUCK</string>
			<key>path</key>
			<string>BUCK</string>
			<key>sourceTree</key>
			<string>SOURCE_ROOT</string>
			<key>explicitFileType</key>
			<string>text.script.python</string>
		</dict>
		<key>1DD70E298740595A00000000</key>
		<dict>
			<key>isa</key>
			<string>PBXFileReference</string>
			<key>name</key>
			<string>RCTConvert+FBSDKSharingContent.h</string>
			<key>path</key>
			<string>RCTFBSDK/share/RCTConvert+FBSDKSharingContent.h</string>
			<key>sourceTree</key>
			<string>SOURCE_ROOT</string>
			<key>lastKnownFileType</key>
			<string>sourcecode.c.h</string>
		</dict>
		<key>1DD70E298740595F00000000</key>
		<dict>
			<key>isa</key>
			<string>PBXFileReference</string>
			<key>name</key>
			<string>RCTConvert+FBSDKSharingContent.m</string>
			<key>path</key>
			<string>RCTFBSDK/share/RCTConvert+FBSDKSharingContent.m</string>
			<key>sourceTree</key>
			<string>SOURCE_ROOT</string>
			<key>lastKnownFileType</key>
			<string>sourcecode.c.objc</string>
		</dict>
		<key>1DD70E2920FC65B100000000</key>
		<dict>
			<key>isa</key>
			<string>PBXFileReference</string>
			<key>name</key>
			<string>RCTFBSDKAppInviteDialog.h</string>
			<key>path</key>
			<string>RCTFBSDK/share/RCTFBSDKAppInviteDialog.h</string>
			<key>sourceTree</key>
			<string>SOURCE_ROOT</string>
			<key>lastKnownFileType</key>
			<string>sourcecode.c.h</string>
		</dict>
		<key>1DD70E2920FC65B600000000</key>
		<dict>
			<key>isa</key>
			<string>PBXFileReference</string>
			<key>name</key>
			<string>RCTFBSDKAppInviteDialog.m</string>
			<key>path</key>
			<string>RCTFBSDK/share/RCTFBSDKAppInviteDialog.m</string>
			<key>sourceTree</key>
			<string>SOURCE_ROOT</string>
			<key>lastKnownFileType</key>
			<string>sourcecode.c.objc</string>
		</dict>
		<key>1DD70E2940AA372400000000</key>
		<dict>
			<key>isa</key>
			<string>PBXFileReference</string>
			<key>name</key>
			<string>RCTFBSDKGameRequestDialog.h</string>
			<key>path</key>
			<string>RCTFBSDK/share/RCTFBSDKGameRequestDialog.h</string>
			<key>sourceTree</key>
			<string>SOURCE_ROOT</string>
			<key>lastKnownFileType</key>
			<string>sourcecode.c.h</string>
		</dict>
		<key>1DD70E2940AA372900000000</key>
		<dict>
			<key>isa</key>
			<string>PBXFileReference</string>
			<key>name</key>
			<string>RCTFBSDKGameRequestDialog.m</string>
			<key>path</key>
			<string>RCTFBSDK/share/RCTFBSDKGameRequestDialog.m</string>
			<key>sourceTree</key>
			<string>SOURCE_ROOT</string>
			<key>lastKnownFileType</key>
			<string>sourcecode.c.objc</string>
		</dict>
		<key>1DD70E29F7DF835C00000000</key>
		<dict>
			<key>isa</key>
			<string>PBXFileReference</string>
			<key>name</key>
			<string>RCTFBSDKLikeControlManager.h</string>
			<key>path</key>
			<string>RCTFBSDK/share/RCTFBSDKLikeControlManager.h</string>
			<key>sourceTree</key>
			<string>SOURCE_ROOT</string>
			<key>lastKnownFileType</key>
			<string>sourcecode.c.h</string>
		</dict>
		<key>1DD70E29F7DF836100000000</key>
		<dict>
			<key>isa</key>
			<string>PBXFileReference</string>
			<key>name</key>
			<string>RCTFBSDKLikeControlManager.m</string>
			<key>path</key>
			<string>RCTFBSDK/share/RCTFBSDKLikeControlManager.m</string>
			<key>sourceTree</key>
			<string>SOURCE_ROOT</string>
			<key>lastKnownFileType</key>
			<string>sourcecode.c.objc</string>
		</dict>
		<key>1DD70E299BAF8D6E00000000</key>
		<dict>
			<key>isa</key>
			<string>PBXFileReference</string>
			<key>name</key>
			<string>RCTFBSDKMessageDialog.h</string>
			<key>path</key>
			<string>RCTFBSDK/share/RCTFBSDKMessageDialog.h</string>
			<key>sourceTree</key>
			<string>SOURCE_ROOT</string>
			<key>lastKnownFileType</key>
			<string>sourcecode.c.h</string>
		</dict>
		<key>1DD70E299BAF8D7300000000</key>
		<dict>
			<key>isa</key>
			<string>PBXFileReference</string>
			<key>name</key>
			<string>RCTFBSDKMessageDialog.m</string>
			<key>path</key>
			<string>RCTFBSDK/share/RCTFBSDKMessageDialog.m</string>
			<key>sourceTree</key>
			<string>SOURCE_ROOT</string>
			<key>lastKnownFileType</key>
			<string>sourcecode.c.objc</string>
		</dict>
		<key>1DD70E29EBCCFB3200000000</key>
		<dict>
			<key>isa</key>
			<string>PBXFileReference</string>
			<key>name</key>
			<string>RCTFBSDKSendButtonManager.h</string>
			<key>path</key>
			<string>RCTFBSDK/share/RCTFBSDKSendButtonManager.h</string>
			<key>sourceTree</key>
			<string>SOURCE_ROOT</string>
			<key>lastKnownFileType</key>
			<string>sourcecode.c.h</string>
		</dict>
		<key>1DD70E29EBCCFB3700000000</key>
		<dict>
			<key>isa</key>
			<string>PBXFileReference</string>
			<key>name</key>
			<string>RCTFBSDKSendButtonManager.m</string>
			<key>path</key>
			<string>RCTFBSDK/share/RCTFBSDKSendButtonManager.m</string>
			<key>sourceTree</key>
			<string>SOURCE_ROOT</string>
			<key>lastKnownFileType</key>
			<string>sourcecode.c.objc</string>
		</dict>
		<key>1DD70E29ED6CD2D000000000</key>
		<dict>
			<key>isa</key>
			<string>PBXFileReference</string>
			<key>name</key>
			<string>RCTFBSDKShareAPI.h</string>
			<key>path</key>
			<string>RCTFBSDK/share/RCTFBSDKShareAPI.h</string>
			<key>sourceTree</key>
			<string>SOURCE_ROOT</string>
			<key>lastKnownFileType</key>
			<string>sourcecode.c.h</string>
		</dict>
		<key>1DD70E29ED6CD2D500000000</key>
		<dict>
			<key>isa</key>
			<string>PBXFileReference</string>
			<key>name</key>
			<string>RCTFBSDKShareAPI.m</string>
			<key>path</key>
			<string>RCTFBSDK/share/RCTFBSDKShareAPI.m</string>
			<key>sourceTree</key>
			<string>SOURCE_ROOT</string>
			<key>lastKnownFileType</key>
			<string>sourcecode.c.objc</string>
		</dict>
		<key>1DD70E293963E99100000000</key>
		<dict>
			<key>isa</key>
			<string>PBXFileReference</string>
			<key>name</key>
			<string>RCTFBSDKShareButtonManager.h</string>
			<key>path</key>
			<string>RCTFBSDK/share/RCTFBSDKShareButtonManager.h</string>
			<key>sourceTree</key>
			<string>SOURCE_ROOT</string>
			<key>lastKnownFileType</key>
			<string>sourcecode.c.h</string>
		</dict>
		<key>1DD70E293963E99600000000</key>
		<dict>
			<key>isa</key>
			<string>PBXFileReference</string>
			<key>name</key>
			<string>RCTFBSDKShareButtonManager.m</string>
			<key>path</key>
			<string>RCTFBSDK/share/RCTFBSDKShareButtonManager.m</string>
			<key>sourceTree</key>
			<string>SOURCE_ROOT</string>
			<key>lastKnownFileType</key>
			<string>sourcecode.c.objc</string>
		</dict>
		<key>1DD70E29F96A828600000000</key>
		<dict>
			<key>isa</key>
			<string>PBXFileReference</string>
			<key>name</key>
			<string>RCTFBSDKShareDialog.h</string>
			<key>path</key>
			<string>RCTFBSDK/share/RCTFBSDKShareDialog.h</string>
			<key>sourceTree</key>
			<string>SOURCE_ROOT</string>
			<key>lastKnownFileType</key>
			<string>sourcecode.c.h</string>
		</dict>
		<key>1DD70E29F96A828B00000000</key>
		<dict>
			<key>isa</key>
			<string>PBXFileReference</string>
			<key>name</key>
			<string>RCTFBSDKShareDialog.m</string>
			<key>path</key>
			<string>RCTFBSDK/share/RCTFBSDKShareDialog.m</string>
			<key>sourceTree</key>
			<string>SOURCE_ROOT</string>
			<key>lastKnownFileType</key>
			<string>sourcecode.c.objc</string>
		</dict>
		<key>1DD70E29D84F936C00000000</key>
		<dict>
			<key>isa</key>
			<string>PBXFileReference</string>
			<key>name</key>
			<string>RCTFBSDKShareHelper.h</string>
			<key>path</key>
			<string>RCTFBSDK/share/RCTFBSDKShareHelper.h</string>
			<key>sourceTree</key>
			<string>SOURCE_ROOT</string>
			<key>lastKnownFileType</key>
			<string>sourcecode.c.h</string>
		</dict>
		<key>1DD70E29D84F937100000000</key>
		<dict>
			<key>isa</key>
			<string>PBXFileReference</string>
			<key>name</key>
			<string>RCTFBSDKShareHelper.m</string>
			<key>path</key>
			<string>RCTFBSDK/share/RCTFBSDKShareHelper.m</string>
			<key>sourceTree</key>
			<string>SOURCE_ROOT</string>
			<key>lastKnownFileType</key>
			<string>sourcecode.c.objc</string>
		</dict>
		<key>B401C979EAB5339800000003</key>
		<dict>
			<key>isa</key>
			<string>PBXGroup</string>
			<key>name</key>
			<string>Sources</string>
			<key>sourceTree</key>
			<string><![CDATA[<group>]]></string>
			<key>children</key>
			<array>
				<string>1DD70E298740595A00000000</string>
				<string>1DD70E298740595F00000000</string>
				<string>1DD70E2920FC65B100000000</string>
				<string>1DD70E2920FC65B600000000</string>
				<string>1DD70E2940AA372400000000</string>
				<string>1DD70E2940AA372900000000</string>
				<string>1DD70E29F7DF835C00000000</string>
				<string>1DD70E29F7DF836100000000</string>
				<string>1DD70E299BAF8D6E00000000</string>
				<string>1DD70E299BAF8D7300000000</string>
				<string>1DD70E29EBCCFB3200000000</string>
				<string>1DD70E29EBCCFB3700000000</string>
				<string>1DD70E29ED6CD2D000000000</string>
				<string>1DD70E29ED6CD2D500000000</string>
				<string>1DD70E293963E99100000000</string>
				<string>1DD70E293963E99600000000</string>
				<string>1DD70E29F96A828600000000</string>
				<string>1DD70E29F96A828B00000000</string>
				<string>1DD70E29D84F936C00000000</string>
				<string>1DD70E29D84F937100000000</string>
			</array>
		</dict>
		<key>B401C9792F5238F500000000</key>
		<dict>
			<key>isa</key>
			<string>PBXGroup</string>
			<key>name</key>
			<string>RNSDKShareKit</string>
			<key>sourceTree</key>
			<string><![CDATA[<group>]]></string>
			<key>children</key>
			<array>
				<string>1DD70E29001F47FB00000003</string>
				<string>B401C979EAB5339800000003</string>
			</array>
		</dict>
		<key>B401C979EFB6AC4600000000</key>
		<dict>
			<key>isa</key>
			<string>PBXGroup</string>
			<key>name</key>
			<string>mainGroup</string>
			<key>sourceTree</key>
			<string><![CDATA[<group>]]></string>
			<key>children</key>
			<array>
				<string>B401C979B781F65D00000000</string>
				<string>B401C979C806358400000000</string>
				<string>B401C97904A83C5E00000000</string>
				<string>B401C97975ABB47900000000</string>
				<string>B401C979D437F52B00000000</string>
				<string>B401C9792F5238F500000000</string>
			</array>
		</dict>
		<key>4952437303EDA63300000000</key>
		<dict>
			<key>isa</key>
			<string>XCBuildConfiguration</string>
			<key>name</key>
			<string>Debug</string>
			<key>buildSettings</key>
			<dict>
			</dict>
			<key>baseConfigurationReference</key>
			<string>1DD70E29C049749700000000</string>
		</dict>
		<key>4952437350C7218900000000</key>
		<dict>
			<key>isa</key>
			<string>XCBuildConfiguration</string>
			<key>name</key>
			<string>Profile</string>
			<key>buildSettings</key>
			<dict>
			</dict>
			<key>baseConfigurationReference</key>
			<string>1DD70E29B8E1424100000000</string>
		</dict>
		<key>49524373A439BFE700000000</key>
		<dict>
			<key>isa</key>
			<string>XCBuildConfiguration</string>
			<key>name</key>
			<string>Release</string>
			<key>buildSettings</key>
			<dict>
			</dict>
			<key>baseConfigurationReference</key>
			<string>1DD70E292C77EDA300000000</string>
		</dict>
		<key>218C37090000000000000000</key>
		<dict>
			<key>isa</key>
			<string>XCConfigurationList</string>
			<key>buildConfigurations</key>
			<array>
				<string>4952437303EDA63300000000</string>
				<string>4952437350C7218900000000</string>
				<string>49524373A439BFE700000000</string>
			</array>
			<key>defaultConfigurationIsVisible</key>
			<false/>
		</dict>
		<key>E66DC04E04A83C5E00000000</key>
		<dict>
			<key>isa</key>
			<string>PBXNativeTarget</string>
			<key>name</key>
			<string>RNSDK</string>
			<key>productName</key>
			<string>RNSDK</string>
			<key>productReference</key>
			<string>1DD70E291ECB10AC00000000</string>
			<key>productType</key>
			<string>com.apple.product-type.library.static</string>
			<key>dependencies</key>
			<array>
			</array>
			<key>buildPhases</key>
			<array>
			</array>
			<key>buildConfigurationList</key>
			<string>218C37090000000000000000</string>
		</dict>
		<key>E7A30F04239FB7F100000000</key>
		<dict>
			<key>isa</key>
			<string>PBXBuildFile</string>
			<key>fileRef</key>
			<string>1DD70E29239FB7F100000000</string>
			<key>settings</key>
			<dict>
				<key>COMPILER_FLAGS</key>
				<string>-stdlib=libc++ -D_LIBCPP_HAS_NO_STRONG_ENUMS=1</string>
			</dict>
		</dict>
		<key>E7A30F04BECE3BF900000000</key>
		<dict>
			<key>isa</key>
			<string>PBXBuildFile</string>
			<key>fileRef</key>
			<string>1DD70E29BECE3BF900000000</string>
			<key>settings</key>
			<dict>
				<key>COMPILER_FLAGS</key>
				<string>-stdlib=libc++ -D_LIBCPP_HAS_NO_STRONG_ENUMS=1</string>
			</dict>
		</dict>
		<key>E7A30F041A45CB9E00000000</key>
		<dict>
			<key>isa</key>
			<string>PBXBuildFile</string>
			<key>fileRef</key>
			<string>1DD70E291A45CB9E00000000</string>
			<key>settings</key>
			<dict>
				<key>COMPILER_FLAGS</key>
				<string>-stdlib=libc++ -D_LIBCPP_HAS_NO_STRONG_ENUMS=1</string>
			</dict>
		</dict>
		<key>E7A30F04C57E516600000000</key>
		<dict>
			<key>isa</key>
			<string>PBXBuildFile</string>
			<key>fileRef</key>
			<string>1DD70E29C57E516600000000</string>
			<key>settings</key>
			<dict>
				<key>COMPILER_FLAGS</key>
				<string>-stdlib=libc++ -D_LIBCPP_HAS_NO_STRONG_ENUMS=1</string>
			</dict>
		</dict>
		<key>E7A30F0431E55D5000000000</key>
		<dict>
			<key>isa</key>
			<string>PBXBuildFile</string>
			<key>fileRef</key>
			<string>1DD70E2931E55D5000000000</string>
			<key>settings</key>
			<dict>
				<key>COMPILER_FLAGS</key>
				<string>-stdlib=libc++ -D_LIBCPP_HAS_NO_STRONG_ENUMS=1</string>
			</dict>
		</dict>
		<key>E7A30F0428DCC8A600000000</key>
		<dict>
			<key>isa</key>
			<string>PBXBuildFile</string>
			<key>fileRef</key>
			<string>1DD70E2928DCC8A600000000</string>
			<key>settings</key>
			<dict>
				<key>COMPILER_FLAGS</key>
				<string>-stdlib=libc++ -D_LIBCPP_HAS_NO_STRONG_ENUMS=1</string>
			</dict>
		</dict>
		<key>1870857F0000000000000000</key>
		<dict>
			<key>isa</key>
			<string>PBXSourcesBuildPhase</string>
			<key>files</key>
			<array>
				<string>E7A30F04239FB7F100000000</string>
				<string>E7A30F04BECE3BF900000000</string>
				<string>E7A30F041A45CB9E00000000</string>
				<string>E7A30F04C57E516600000000</string>
				<string>E7A30F0431E55D5000000000</string>
				<string>E7A30F0428DCC8A600000000</string>
			</array>
		</dict>
		<key>4952437303EDA63300000001</key>
		<dict>
			<key>isa</key>
			<string>XCBuildConfiguration</string>
			<key>name</key>
			<string>Debug</string>
			<key>buildSettings</key>
			<dict>
			</dict>
			<key>baseConfigurationReference</key>
			<string>1DD70E29F349631C00000000</string>
		</dict>
		<key>4952437350C7218900000001</key>
		<dict>
			<key>isa</key>
			<string>XCBuildConfiguration</string>
			<key>name</key>
			<string>Profile</string>
			<key>buildSettings</key>
			<dict>
			</dict>
			<key>baseConfigurationReference</key>
			<string>1DD70E292B9FA38600000000</string>
		</dict>
		<key>49524373A439BFE700000001</key>
		<dict>
			<key>isa</key>
			<string>XCBuildConfiguration</string>
			<key>name</key>
			<string>Release</string>
			<key>buildSettings</key>
			<dict>
			</dict>
			<key>baseConfigurationReference</key>
			<string>1DD70E299F364EE800000000</string>
		</dict>
		<key>218C37090000000000000001</key>
		<dict>
			<key>isa</key>
			<string>XCConfigurationList</string>
			<key>buildConfigurations</key>
			<array>
				<string>4952437303EDA63300000001</string>
				<string>4952437350C7218900000001</string>
				<string>49524373A439BFE700000001</string>
			</array>
			<key>defaultConfigurationIsVisible</key>
			<false/>
		</dict>
		<key>E66DC04E75ABB47900000000</key>
		<dict>
			<key>isa</key>
			<string>PBXNativeTarget</string>
			<key>name</key>
			<string>RNSDKCoreKit</string>
			<key>productName</key>
			<string>RNSDKCoreKit</string>
			<key>productReference</key>
			<string>1DD70E29AC0CD5F100000000</string>
			<key>productType</key>
			<string>com.apple.product-type.library.static</string>
			<key>dependencies</key>
			<array>
			</array>
			<key>buildPhases</key>
			<array>
				<string>1870857F0000000000000000</string>
			</array>
			<key>buildConfigurationList</key>
			<string>218C37090000000000000001</string>
		</dict>
		<key>E7A30F04F12CB92500000000</key>
		<dict>
			<key>isa</key>
			<string>PBXBuildFile</string>
			<key>fileRef</key>
			<string>1DD70E29F12CB92500000000</string>
			<key>settings</key>
			<dict>
				<key>COMPILER_FLAGS</key>
				<string>-stdlib=libc++ -D_LIBCPP_HAS_NO_STRONG_ENUMS=1</string>
			</dict>
		</dict>
		<key>E7A30F04373304CC00000000</key>
		<dict>
			<key>isa</key>
			<string>PBXBuildFile</string>
			<key>fileRef</key>
			<string>1DD70E29373304CC00000000</string>
			<key>settings</key>
			<dict>
				<key>COMPILER_FLAGS</key>
				<string>-stdlib=libc++ -D_LIBCPP_HAS_NO_STRONG_ENUMS=1</string>
			</dict>
		</dict>
		<key>E7A30F04A8F8915E00000000</key>
		<dict>
			<key>isa</key>
			<string>PBXBuildFile</string>
			<key>fileRef</key>
			<string>1DD70E29A8F8915E00000000</string>
			<key>settings</key>
			<dict>
				<key>COMPILER_FLAGS</key>
				<string>-stdlib=libc++ -D_LIBCPP_HAS_NO_STRONG_ENUMS=1</string>
			</dict>
		</dict>
		<key>1870857F0000000000000001</key>
		<dict>
			<key>isa</key>
			<string>PBXSourcesBuildPhase</string>
			<key>files</key>
			<array>
				<string>E7A30F04F12CB92500000000</string>
				<string>E7A30F04373304CC00000000</string>
				<string>E7A30F04A8F8915E00000000</string>
			</array>
		</dict>
		<key>4952437303EDA63300000002</key>
		<dict>
			<key>isa</key>
			<string>XCBuildConfiguration</string>
			<key>name</key>
			<string>Debug</string>
			<key>buildSettings</key>
			<dict>
			</dict>
			<key>baseConfigurationReference</key>
			<string>1DD70E297A21682A00000000</string>
		</dict>
		<key>4952437350C7218900000002</key>
		<dict>
			<key>isa</key>
			<string>XCBuildConfiguration</string>
			<key>name</key>
			<string>Profile</string>
			<key>buildSettings</key>
			<dict>
			</dict>
			<key>baseConfigurationReference</key>
			<string>1DD70E295C8A9D1400000000</string>
		</dict>
		<key>49524373A439BFE700000002</key>
		<dict>
			<key>isa</key>
			<string>XCBuildConfiguration</string>
			<key>name</key>
			<string>Release</string>
			<key>buildSettings</key>
			<dict>
			</dict>
			<key>baseConfigurationReference</key>
			<string>1DD70E29D021487600000000</string>
		</dict>
		<key>218C37090000000000000002</key>
		<dict>
			<key>isa</key>
			<string>XCConfigurationList</string>
			<key>buildConfigurations</key>
			<array>
				<string>4952437303EDA63300000002</string>
				<string>4952437350C7218900000002</string>
				<string>49524373A439BFE700000002</string>
			</array>
			<key>defaultConfigurationIsVisible</key>
			<false/>
		</dict>
		<key>E66DC04ED437F52B00000000</key>
		<dict>
			<key>isa</key>
			<string>PBXNativeTarget</string>
			<key>name</key>
			<string>RNSDKLoginKit</string>
			<key>productName</key>
			<string>RNSDKLoginKit</string>
			<key>productReference</key>
			<string>1DD70E29031DBF3900000000</string>
			<key>productType</key>
			<string>com.apple.product-type.library.static</string>
			<key>dependencies</key>
			<array>
			</array>
			<key>buildPhases</key>
			<array>
				<string>1870857F0000000000000001</string>
			</array>
			<key>buildConfigurationList</key>
			<string>218C37090000000000000002</string>
		</dict>
		<key>E7A30F048740595F00000000</key>
		<dict>
			<key>isa</key>
			<string>PBXBuildFile</string>
			<key>fileRef</key>
			<string>1DD70E298740595F00000000</string>
			<key>settings</key>
			<dict>
				<key>COMPILER_FLAGS</key>
				<string>-stdlib=libc++ -D_LIBCPP_HAS_NO_STRONG_ENUMS=1</string>
			</dict>
		</dict>
		<key>E7A30F0420FC65B600000000</key>
		<dict>
			<key>isa</key>
			<string>PBXBuildFile</string>
			<key>fileRef</key>
			<string>1DD70E2920FC65B600000000</string>
			<key>settings</key>
			<dict>
				<key>COMPILER_FLAGS</key>
				<string>-stdlib=libc++ -D_LIBCPP_HAS_NO_STRONG_ENUMS=1</string>
			</dict>
		</dict>
		<key>E7A30F0440AA372900000000</key>
		<dict>
			<key>isa</key>
			<string>PBXBuildFile</string>
			<key>fileRef</key>
			<string>1DD70E2940AA372900000000</string>
			<key>settings</key>
			<dict>
				<key>COMPILER_FLAGS</key>
				<string>-stdlib=libc++ -D_LIBCPP_HAS_NO_STRONG_ENUMS=1</string>
			</dict>
		</dict>
		<key>E7A30F04F7DF836100000000</key>
		<dict>
			<key>isa</key>
			<string>PBXBuildFile</string>
			<key>fileRef</key>
			<string>1DD70E29F7DF836100000000</string>
			<key>settings</key>
			<dict>
				<key>COMPILER_FLAGS</key>
				<string>-stdlib=libc++ -D_LIBCPP_HAS_NO_STRONG_ENUMS=1</string>
			</dict>
		</dict>
		<key>E7A30F049BAF8D7300000000</key>
		<dict>
			<key>isa</key>
			<string>PBXBuildFile</string>
			<key>fileRef</key>
			<string>1DD70E299BAF8D7300000000</string>
			<key>settings</key>
			<dict>
				<key>COMPILER_FLAGS</key>
				<string>-stdlib=libc++ -D_LIBCPP_HAS_NO_STRONG_ENUMS=1</string>
			</dict>
		</dict>
		<key>E7A30F04EBCCFB3700000000</key>
		<dict>
			<key>isa</key>
			<string>PBXBuildFile</string>
			<key>fileRef</key>
			<string>1DD70E29EBCCFB3700000000</string>
			<key>settings</key>
			<dict>
				<key>COMPILER_FLAGS</key>
				<string>-stdlib=libc++ -D_LIBCPP_HAS_NO_STRONG_ENUMS=1</string>
			</dict>
		</dict>
		<key>E7A30F04ED6CD2D500000000</key>
		<dict>
			<key>isa</key>
			<string>PBXBuildFile</string>
			<key>fileRef</key>
			<string>1DD70E29ED6CD2D500000000</string>
			<key>settings</key>
			<dict>
				<key>COMPILER_FLAGS</key>
				<string>-stdlib=libc++ -D_LIBCPP_HAS_NO_STRONG_ENUMS=1</string>
			</dict>
		</dict>
		<key>E7A30F043963E99600000000</key>
		<dict>
			<key>isa</key>
			<string>PBXBuildFile</string>
			<key>fileRef</key>
			<string>1DD70E293963E99600000000</string>
			<key>settings</key>
			<dict>
				<key>COMPILER_FLAGS</key>
				<string>-stdlib=libc++ -D_LIBCPP_HAS_NO_STRONG_ENUMS=1</string>
			</dict>
		</dict>
		<key>E7A30F04F96A828B00000000</key>
		<dict>
			<key>isa</key>
			<string>PBXBuildFile</string>
			<key>fileRef</key>
			<string>1DD70E29F96A828B00000000</string>
			<key>settings</key>
			<dict>
				<key>COMPILER_FLAGS</key>
				<string>-stdlib=libc++ -D_LIBCPP_HAS_NO_STRONG_ENUMS=1</string>
			</dict>
		</dict>
		<key>E7A30F04D84F937100000000</key>
		<dict>
			<key>isa</key>
			<string>PBXBuildFile</string>
			<key>fileRef</key>
			<string>1DD70E29D84F937100000000</string>
			<key>settings</key>
			<dict>
				<key>COMPILER_FLAGS</key>
				<string>-stdlib=libc++ -D_LIBCPP_HAS_NO_STRONG_ENUMS=1</string>
			</dict>
		</dict>
		<key>1870857F0000000000000002</key>
		<dict>
			<key>isa</key>
			<string>PBXSourcesBuildPhase</string>
			<key>files</key>
			<array>
				<string>E7A30F048740595F00000000</string>
				<string>E7A30F0420FC65B600000000</string>
				<string>E7A30F0440AA372900000000</string>
				<string>E7A30F04F7DF836100000000</string>
				<string>E7A30F049BAF8D7300000000</string>
				<string>E7A30F04EBCCFB3700000000</string>
				<string>E7A30F04ED6CD2D500000000</string>
				<string>E7A30F043963E99600000000</string>
				<string>E7A30F04F96A828B00000000</string>
				<string>E7A30F04D84F937100000000</string>
			</array>
		</dict>
		<key>4952437303EDA63300000003</key>
		<dict>
			<key>isa</key>
			<string>XCBuildConfiguration</string>
			<key>name</key>
			<string>Debug</string>
			<key>buildSettings</key>
			<dict>
			</dict>
			<key>baseConfigurationReference</key>
			<string>1DD70E2971F1D72000000000</string>
		</dict>
		<key>4952437350C7218900000003</key>
		<dict>
			<key>isa</key>
			<string>XCBuildConfiguration</string>
			<key>name</key>
			<string>Profile</string>
			<key>buildSettings</key>
			<dict>
			</dict>
			<key>baseConfigurationReference</key>
			<string>1DD70E29A1FB268A00000000</string>
		</dict>
		<key>49524373A439BFE700000003</key>
		<dict>
			<key>isa</key>
			<string>XCBuildConfiguration</string>
			<key>name</key>
			<string>Release</string>
			<key>buildSettings</key>
			<dict>
			</dict>
			<key>baseConfigurationReference</key>
			<string>1DD70E291591D1EC00000000</string>
		</dict>
		<key>218C37090000000000000003</key>
		<dict>
			<key>isa</key>
			<string>XCConfigurationList</string>
			<key>buildConfigurations</key>
			<array>
				<string>4952437303EDA63300000003</string>
				<string>4952437350C7218900000003</string>
				<string>49524373A439BFE700000003</string>
			</array>
			<key>defaultConfigurationIsVisible</key>
			<false/>
		</dict>
		<key>E66DC04E2F5238F500000000</key>
		<dict>
			<key>isa</key>
			<string>PBXNativeTarget</string>
			<key>name</key>
			<string>RNSDKShareKit</string>
			<key>productName</key>
			<string>RNSDKShareKit</string>
			<key>productReference</key>
			<string>1DD70E2900B6388300000000</string>
			<key>productType</key>
			<string>com.apple.product-type.library.static</string>
			<key>dependencies</key>
			<array>
			</array>
			<key>buildPhases</key>
			<array>
				<string>1870857F0000000000000002</string>
			</array>
			<key>buildConfigurationList</key>
			<string>218C37090000000000000003</string>
		</dict>
		<key>4952437303EDA63300000004</key>
		<dict>
			<key>isa</key>
			<string>XCBuildConfiguration</string>
			<key>name</key>
			<string>Debug</string>
			<key>buildSettings</key>
			<dict>
			</dict>
		</dict>
		<key>4952437350C7218900000004</key>
		<dict>
			<key>isa</key>
			<string>XCBuildConfiguration</string>
			<key>name</key>
			<string>Profile</string>
			<key>buildSettings</key>
			<dict>
			</dict>
		</dict>
		<key>49524373A439BFE700000004</key>
		<dict>
			<key>isa</key>
			<string>XCBuildConfiguration</string>
			<key>name</key>
			<string>Release</string>
			<key>buildSettings</key>
			<dict>
			</dict>
		</dict>
		<key>218C37090000000000000004</key>
		<dict>
			<key>isa</key>
			<string>XCConfigurationList</string>
			<key>buildConfigurations</key>
			<array>
				<string>4952437303EDA63300000004</string>
				<string>4952437350C7218900000004</string>
				<string>49524373A439BFE700000004</string>
			</array>
			<key>defaultConfigurationIsVisible</key>
			<false/>
		</dict>
		<key>96C847930001980D00000000</key>
		<dict>
			<key>isa</key>
			<string>PBXProject</string>
			<key>mainGroup</key>
			<string>B401C979EFB6AC4600000000</string>
			<key>targets</key>
			<array>
				<string>E66DC04E04A83C5E00000000</string>
				<string>E66DC04E75ABB47900000000</string>
				<string>E66DC04ED437F52B00000000</string>
				<string>E66DC04E2F5238F500000000</string>
			</array>
			<key>buildConfigurationList</key>
			<string>218C37090000000000000004</string>
			<key>compatibilityVersion</key>
			<string>Xcode 3.2</string>
			<key>attributes</key>
			<dict>
				<key>LastUpgradeCheck</key>
				<string>9999</string>
			</dict>
		</dict>
	</dict>
	<key>rootObject</key>
	<string>96C847930001980D00000000</string>
</dict>
</plist>