PODS:
  - boost-for-react-native (1.63.0)
  - DoubleConversion (1.1.6)
  - FBLazyVector (0.63.0-rc.1)
  - FBReactNativeSpec (0.63.0-rc.1):
    - Folly (= 2020.01.13.00)
    - RCTRequired (= 0.63.0-rc.1)
    - RCTTypeSafety (= 0.63.0-rc.1)
    - React-Core (= 0.63.0-rc.1)
    - React-jsi (= 0.63.0-rc.1)
    - ReactCommon/turbomodule/core (= 0.63.0-rc.1)
  - FBSDKCoreKit (5.8.0):
    - FBSDKCoreKit/Basics (= 5.8.0)
    - FBSDKCoreKit/Core (= 5.8.0)
  - FBSDKCoreKit/Basics (5.8.0)
  - FBSDKCoreKit/Core (5.8.0):
    - FBSDKCoreKit/Basics
  - FBSDKLoginKit (5.8.0):
    - FBSDKLoginKit/Login (= 5.8.0)
  - FBSDKLoginKit/Login (5.8.0):
    - FBSDKCoreKit (~> 5.0)
  - FBSDKShareKit (5.8.0):
    - FBSDKShareKit/Share (= 5.8.0)
  - FBSDKShareKit/Share (5.8.0):
    - FBSDKCoreKit (~> 5.0)
  - Folly (2020.01.13.00):
    - boost-for-react-native
    - DoubleConversion
    - Folly/Default (= 2020.01.13.00)
    - glog
  - Folly/Default (2020.01.13.00):
    - boost-for-react-native
    - DoubleConversion
    - glog
  - glog (0.3.5)
  - RCTRequired (0.63.0-rc.1)
  - RCTTypeSafety (0.63.0-rc.1):
    - FBLazyVector (= 0.63.0-rc.1)
    - Folly (= 2020.01.13.00)
    - RCTRequired (= 0.63.0-rc.1)
    - React-Core (= 0.63.0-rc.1)
  - React (0.63.0-rc.1):
    - React-Core (= 0.63.0-rc.1)
    - React-Core/DevSupport (= 0.63.0-rc.1)
    - React-Core/RCTWebSocket (= 0.63.0-rc.1)
    - React-RCTActionSheet (= 0.63.0-rc.1)
    - React-RCTAnimation (= 0.63.0-rc.1)
    - React-RCTBlob (= 0.63.0-rc.1)
    - React-RCTImage (= 0.63.0-rc.1)
    - React-RCTLinking (= 0.63.0-rc.1)
    - React-RCTNetwork (= 0.63.0-rc.1)
    - React-RCTSettings (= 0.63.0-rc.1)
    - React-RCTText (= 0.63.0-rc.1)
    - React-RCTVibration (= 0.63.0-rc.1)
  - React-callinvoker (0.63.0-rc.1)
  - React-Core (0.63.0-rc.1):
    - Folly (= 2020.01.13.00)
    - glog
    - React-Core/Default (= 0.63.0-rc.1)
    - React-cxxreact (= 0.63.0-rc.1)
    - React-jsi (= 0.63.0-rc.1)
    - React-jsiexecutor (= 0.63.0-rc.1)
    - Yoga
  - React-Core/CoreModulesHeaders (0.63.0-rc.1):
    - Folly (= 2020.01.13.00)
    - glog
    - React-Core/Default
    - React-cxxreact (= 0.63.0-rc.1)
    - React-jsi (= 0.63.0-rc.1)
    - React-jsiexecutor (= 0.63.0-rc.1)
    - Yoga
  - React-Core/Default (0.63.0-rc.1):
    - Folly (= 2020.01.13.00)
    - glog
    - React-cxxreact (= 0.63.0-rc.1)
    - React-jsi (= 0.63.0-rc.1)
    - React-jsiexecutor (= 0.63.0-rc.1)
    - Yoga
  - React-Core/DevSupport (0.63.0-rc.1):
    - Folly (= 2020.01.13.00)
    - glog
    - React-Core/Default (= 0.63.0-rc.1)
    - React-Core/RCTWebSocket (= 0.63.0-rc.1)
    - React-cxxreact (= 0.63.0-rc.1)
    - React-jsi (= 0.63.0-rc.1)
    - React-jsiexecutor (= 0.63.0-rc.1)
    - React-jsinspector (= 0.63.0-rc.1)
    - Yoga
  - React-Core/RCTActionSheetHeaders (0.63.0-rc.1):
    - Folly (= 2020.01.13.00)
    - glog
    - React-Core/Default
    - React-cxxreact (= 0.63.0-rc.1)
    - React-jsi (= 0.63.0-rc.1)
    - React-jsiexecutor (= 0.63.0-rc.1)
    - Yoga
  - React-Core/RCTAnimationHeaders (0.63.0-rc.1):
    - Folly (= 2020.01.13.00)
    - glog
    - React-Core/Default
    - React-cxxreact (= 0.63.0-rc.1)
    - React-jsi (= 0.63.0-rc.1)
    - React-jsiexecutor (= 0.63.0-rc.1)
    - Yoga
  - React-Core/RCTBlobHeaders (0.63.0-rc.1):
    - Folly (= 2020.01.13.00)
    - glog
    - React-Core/Default
    - React-cxxreact (= 0.63.0-rc.1)
    - React-jsi (= 0.63.0-rc.1)
    - React-jsiexecutor (= 0.63.0-rc.1)
    - Yoga
  - React-Core/RCTImageHeaders (0.63.0-rc.1):
    - Folly (= 2020.01.13.00)
    - glog
    - React-Core/Default
    - React-cxxreact (= 0.63.0-rc.1)
    - React-jsi (= 0.63.0-rc.1)
    - React-jsiexecutor (= 0.63.0-rc.1)
    - Yoga
  - React-Core/RCTLinkingHeaders (0.63.0-rc.1):
    - Folly (= 2020.01.13.00)
    - glog
    - React-Core/Default
    - React-cxxreact (= 0.63.0-rc.1)
    - React-jsi (= 0.63.0-rc.1)
    - React-jsiexecutor (= 0.63.0-rc.1)
    - Yoga
  - React-Core/RCTNetworkHeaders (0.63.0-rc.1):
    - Folly (= 2020.01.13.00)
    - glog
    - React-Core/Default
    - React-cxxreact (= 0.63.0-rc.1)
    - React-jsi (= 0.63.0-rc.1)
    - React-jsiexecutor (= 0.63.0-rc.1)
    - Yoga
  - React-Core/RCTSettingsHeaders (0.63.0-rc.1):
    - Folly (= 2020.01.13.00)
    - glog
    - React-Core/Default
    - React-cxxreact (= 0.63.0-rc.1)
    - React-jsi (= 0.63.0-rc.1)
    - React-jsiexecutor (= 0.63.0-rc.1)
    - Yoga
  - React-Core/RCTTextHeaders (0.63.0-rc.1):
    - Folly (= 2020.01.13.00)
    - glog
    - React-Core/Default
    - React-cxxreact (= 0.63.0-rc.1)
    - React-jsi (= 0.63.0-rc.1)
    - React-jsiexecutor (= 0.63.0-rc.1)
    - Yoga
  - React-Core/RCTVibrationHeaders (0.63.0-rc.1):
    - Folly (= 2020.01.13.00)
    - glog
    - React-Core/Default
    - React-cxxreact (= 0.63.0-rc.1)
    - React-jsi (= 0.63.0-rc.1)
    - React-jsiexecutor (= 0.63.0-rc.1)
    - Yoga
  - React-Core/RCTWebSocket (0.63.0-rc.1):
    - Folly (= 2020.01.13.00)
    - glog
    - React-Core/Default (= 0.63.0-rc.1)
    - React-cxxreact (= 0.63.0-rc.1)
    - React-jsi (= 0.63.0-rc.1)
    - React-jsiexecutor (= 0.63.0-rc.1)
    - Yoga
  - React-CoreModules (0.63.0-rc.1):
    - FBReactNativeSpec (= 0.63.0-rc.1)
    - Folly (= 2020.01.13.00)
    - RCTTypeSafety (= 0.63.0-rc.1)
    - React-Core/CoreModulesHeaders (= 0.63.0-rc.1)
    - React-jsi (= 0.63.0-rc.1)
    - React-RCTImage (= 0.63.0-rc.1)
    - ReactCommon/turbomodule/core (= 0.63.0-rc.1)
  - React-cxxreact (0.63.0-rc.1):
    - boost-for-react-native (= 1.63.0)
    - DoubleConversion
    - Folly (= 2020.01.13.00)
    - glog
    - React-callinvoker (= 0.63.0-rc.1)
    - React-jsinspector (= 0.63.0-rc.1)
  - React-jsi (0.63.0-rc.1):
    - boost-for-react-native (= 1.63.0)
    - DoubleConversion
    - Folly (= 2020.01.13.00)
    - glog
    - React-jsi/Default (= 0.63.0-rc.1)
  - React-jsi/Default (0.63.0-rc.1):
    - boost-for-react-native (= 1.63.0)
    - DoubleConversion
    - Folly (= 2020.01.13.00)
    - glog
  - React-jsiexecutor (0.63.0-rc.1):
    - DoubleConversion
    - Folly (= 2020.01.13.00)
    - glog
    - React-cxxreact (= 0.63.0-rc.1)
    - React-jsi (= 0.63.0-rc.1)
  - React-jsinspector (0.63.0-rc.1)
  - react-native-fbsdk (1.1.2):
    - React
    - react-native-fbsdk/Core (= 1.1.2)
    - react-native-fbsdk/Login (= 1.1.2)
    - react-native-fbsdk/Share (= 1.1.2)
  - react-native-fbsdk/Core (1.1.2):
    - FBSDKCoreKit (= 5.8)
    - React
  - react-native-fbsdk/Login (1.1.2):
    - FBSDKLoginKit (= 5.8)
    - React
  - react-native-fbsdk/Share (1.1.2):
    - FBSDKShareKit (= 5.8)
    - React
  - React-RCTActionSheet (0.63.0-rc.1):
    - React-Core/RCTActionSheetHeaders (= 0.63.0-rc.1)
  - React-RCTAnimation (0.63.0-rc.1):
    - FBReactNativeSpec (= 0.63.0-rc.1)
    - Folly (= 2020.01.13.00)
    - RCTTypeSafety (= 0.63.0-rc.1)
    - React-Core/RCTAnimationHeaders (= 0.63.0-rc.1)
    - React-jsi (= 0.63.0-rc.1)
    - ReactCommon/turbomodule/core (= 0.63.0-rc.1)
  - React-RCTBlob (0.63.0-rc.1):
    - FBReactNativeSpec (= 0.63.0-rc.1)
    - Folly (= 2020.01.13.00)
    - React-Core/RCTBlobHeaders (= 0.63.0-rc.1)
    - React-Core/RCTWebSocket (= 0.63.0-rc.1)
    - React-jsi (= 0.63.0-rc.1)
    - React-RCTNetwork (= 0.63.0-rc.1)
    - ReactCommon/turbomodule/core (= 0.63.0-rc.1)
  - React-RCTImage (0.63.0-rc.1):
    - FBReactNativeSpec (= 0.63.0-rc.1)
    - Folly (= 2020.01.13.00)
    - RCTTypeSafety (= 0.63.0-rc.1)
    - React-Core/RCTImageHeaders (= 0.63.0-rc.1)
    - React-jsi (= 0.63.0-rc.1)
    - React-RCTNetwork (= 0.63.0-rc.1)
    - ReactCommon/turbomodule/core (= 0.63.0-rc.1)
  - React-RCTLinking (0.63.0-rc.1):
    - FBReactNativeSpec (= 0.63.0-rc.1)
    - React-Core/RCTLinkingHeaders (= 0.63.0-rc.1)
    - React-jsi (= 0.63.0-rc.1)
    - ReactCommon/turbomodule/core (= 0.63.0-rc.1)
  - React-RCTNetwork (0.63.0-rc.1):
    - FBReactNativeSpec (= 0.63.0-rc.1)
    - Folly (= 2020.01.13.00)
    - RCTTypeSafety (= 0.63.0-rc.1)
    - React-Core/RCTNetworkHeaders (= 0.63.0-rc.1)
    - React-jsi (= 0.63.0-rc.1)
    - ReactCommon/turbomodule/core (= 0.63.0-rc.1)
  - React-RCTSettings (0.63.0-rc.1):
    - FBReactNativeSpec (= 0.63.0-rc.1)
    - Folly (= 2020.01.13.00)
    - RCTTypeSafety (= 0.63.0-rc.1)
    - React-Core/RCTSettingsHeaders (= 0.63.0-rc.1)
    - React-jsi (= 0.63.0-rc.1)
    - ReactCommon/turbomodule/core (= 0.63.0-rc.1)
  - React-RCTText (0.63.0-rc.1):
    - React-Core/RCTTextHeaders (= 0.63.0-rc.1)
  - React-RCTVibration (0.63.0-rc.1):
    - FBReactNativeSpec (= 0.63.0-rc.1)
    - Folly (= 2020.01.13.00)
    - React-Core/RCTVibrationHeaders (= 0.63.0-rc.1)
    - React-jsi (= 0.63.0-rc.1)
    - ReactCommon/turbomodule/core (= 0.63.0-rc.1)
  - ReactCommon/turbomodule/core (0.63.0-rc.1):
    - DoubleConversion
    - Folly (= 2020.01.13.00)
    - glog
    - React-callinvoker (= 0.63.0-rc.1)
    - React-Core (= 0.63.0-rc.1)
    - React-cxxreact (= 0.63.0-rc.1)
    - React-jsi (= 0.63.0-rc.1)
  - Yoga (1.14.0)

DEPENDENCIES:
  - DoubleConversion (from `../../node_modules/react-native/third-party-podspecs/DoubleConversion.podspec`)
  - FBLazyVector (from `../../node_modules/react-native/Libraries/FBLazyVector`)
  - FBReactNativeSpec (from `../../node_modules/react-native/Libraries/FBReactNativeSpec`)
  - Folly (from `../../node_modules/react-native/third-party-podspecs/Folly.podspec`)
  - glog (from `../../node_modules/react-native/third-party-podspecs/glog.podspec`)
  - RCTRequired (from `../../node_modules/react-native/Libraries/RCTRequired`)
  - RCTTypeSafety (from `../../node_modules/react-native/Libraries/TypeSafety`)
  - React (from `../../node_modules/react-native/`)
  - React-callinvoker (from `../../node_modules/react-native/ReactCommon/callinvoker`)
  - React-Core (from `../../node_modules/react-native/`)
  - React-Core/DevSupport (from `../../node_modules/react-native/`)
  - React-Core/RCTWebSocket (from `../../node_modules/react-native/`)
  - React-CoreModules (from `../../node_modules/react-native/React/CoreModules`)
  - React-cxxreact (from `../../node_modules/react-native/ReactCommon/cxxreact`)
  - React-jsi (from `../../node_modules/react-native/ReactCommon/jsi`)
  - React-jsiexecutor (from `../../node_modules/react-native/ReactCommon/jsiexecutor`)
  - React-jsinspector (from `../../node_modules/react-native/ReactCommon/jsinspector`)
  - react-native-fbsdk (from `../../`)
  - React-RCTActionSheet (from `../../node_modules/react-native/Libraries/ActionSheetIOS`)
  - React-RCTAnimation (from `../../node_modules/react-native/Libraries/NativeAnimation`)
  - React-RCTBlob (from `../../node_modules/react-native/Libraries/Blob`)
  - React-RCTImage (from `../../node_modules/react-native/Libraries/Image`)
  - React-RCTLinking (from `../../node_modules/react-native/Libraries/LinkingIOS`)
  - React-RCTNetwork (from `../../node_modules/react-native/Libraries/Network`)
  - React-RCTSettings (from `../../node_modules/react-native/Libraries/Settings`)
  - React-RCTText (from `../../node_modules/react-native/Libraries/Text`)
  - React-RCTVibration (from `../../node_modules/react-native/Libraries/Vibration`)
  - ReactCommon/turbomodule/core (from `../../node_modules/react-native/ReactCommon`)
  - Yoga (from `../../node_modules/react-native/ReactCommon/yoga`)

SPEC REPOS:
  trunk:
    - boost-for-react-native
    - FBSDKCoreKit
    - FBSDKLoginKit
    - FBSDKShareKit

EXTERNAL SOURCES:
  DoubleConversion:
    :podspec: "../../node_modules/react-native/third-party-podspecs/DoubleConversion.podspec"
  FBLazyVector:
    :path: "../../node_modules/react-native/Libraries/FBLazyVector"
  FBReactNativeSpec:
    :path: "../../node_modules/react-native/Libraries/FBReactNativeSpec"
  Folly:
    :podspec: "../../node_modules/react-native/third-party-podspecs/Folly.podspec"
  glog:
    :podspec: "../../node_modules/react-native/third-party-podspecs/glog.podspec"
  RCTRequired:
    :path: "../../node_modules/react-native/Libraries/RCTRequired"
  RCTTypeSafety:
    :path: "../../node_modules/react-native/Libraries/TypeSafety"
  React:
    :path: "../../node_modules/react-native/"
  React-callinvoker:
    :path: "../../node_modules/react-native/ReactCommon/callinvoker"
  React-Core:
    :path: "../../node_modules/react-native/"
  React-CoreModules:
    :path: "../../node_modules/react-native/React/CoreModules"
  React-cxxreact:
    :path: "../../node_modules/react-native/ReactCommon/cxxreact"
  React-jsi:
    :path: "../../node_modules/react-native/ReactCommon/jsi"
  React-jsiexecutor:
    :path: "../../node_modules/react-native/ReactCommon/jsiexecutor"
  React-jsinspector:
    :path: "../../node_modules/react-native/ReactCommon/jsinspector"
  react-native-fbsdk:
    :path: "../../"
  React-RCTActionSheet:
    :path: "../../node_modules/react-native/Libraries/ActionSheetIOS"
  React-RCTAnimation:
    :path: "../../node_modules/react-native/Libraries/NativeAnimation"
  React-RCTBlob:
    :path: "../../node_modules/react-native/Libraries/Blob"
  React-RCTImage:
    :path: "../../node_modules/react-native/Libraries/Image"
  React-RCTLinking:
    :path: "../../node_modules/react-native/Libraries/LinkingIOS"
  React-RCTNetwork:
    :path: "../../node_modules/react-native/Libraries/Network"
  React-RCTSettings:
    :path: "../../node_modules/react-native/Libraries/Settings"
  React-RCTText:
    :path: "../../node_modules/react-native/Libraries/Text"
  React-RCTVibration:
    :path: "../../node_modules/react-native/Libraries/Vibration"
  ReactCommon:
    :path: "../../node_modules/react-native/ReactCommon"
  Yoga:
    :path: "../../node_modules/react-native/ReactCommon/yoga"

SPEC CHECKSUMS:
  boost-for-react-native: 39c7adb57c4e60d6c5479dd8623128eb5b3f0f2c
  DoubleConversion: cde416483dac037923206447da6e1454df403714
  FBLazyVector: 80d80617d51e24046a0bcc817cd9209027ecfaa9
  FBReactNativeSpec: b0fff079b3d224bd19ddd66857a9ebd879248c22
  FBSDKCoreKit: e7dcac0aabcfb09d0166998edd95fe3b05a0ce5d
  FBSDKLoginKit: 1b0cf04df0370b37404213157b060d6666ede814
  FBSDKShareKit: abc29e1bb4f9f59f679adf1ae191006d68455f96
  Folly: b73c3869541e86821df3c387eb0af5f65addfab4
  glog: 40a13f7840415b9a77023fbcae0f1e6f43192af3
  RCTRequired: 6d452db9ed41ed479dded8b25cefaea171af100a
  RCTTypeSafety: 9f116cdf6450aae848567f03de76a519ce8b5ffa
  React: ae32f1a326e384e477a4130efaf35785cf66c482
  React-callinvoker: b1222d51ffbc55017208d26e168d76035ade9d53
  React-Core: b328df15e9952f937d4497d08821f908ddf63510
  React-CoreModules: ddbd7c6b62241597e467cedfa4acd89f1504f613
  React-cxxreact: 2e594ee40fb8666e2e48428a1767257a60873877
  React-jsi: a968acc454a107677da6027d2111221f57765de9
  React-jsiexecutor: c40a9c0e687bd7a44cc0a616ff4592a823732a0d
  React-jsinspector: 655f32d922ffb180714c0bec652e7e0923b5a5dd
  react-native-fbsdk: c35d42169e64aaf66f01713c1e18d0674f7f6519
  React-RCTActionSheet: ead415a8470cd3552f8cadce3b9b32e0d52e46a7
  React-RCTAnimation: 627dc8ad905b206c9bf10e9527079ef754b6a5dc
  React-RCTBlob: e70ce946cee9d400c5bfb0e8668dd11db852fa5a
  React-RCTImage: 9b8566568c0191e460baf4bee5a48a26efc2649c
  React-RCTLinking: 9a72da67543456af38b7fe01d851c247edb91e59
  React-RCTNetwork: 9939c3f1c757b03abd3bfda89a41b0989254e2a8
  React-RCTSettings: bb29c478fd69f557f939cf9e3a9f6f431df432bb
  React-RCTText: 1aa0fd4251b108777dd6218eb92d3613514b150f
  React-RCTVibration: b630e8fd023809796d47917d27caa343ade0678d
  ReactCommon: 6d0c6086911f7bf87b8406a92bb2ec66aeefd2e1
  Yoga: 5d62aa8f4e862e282e19a25865ef8124c70f2711

PODFILE CHECKSUM: 4ea7ff0fa522a3edfcab6e94459f24b02878bf98

COCOAPODS: 1.9.1
